# This file is automatically @generated by Poetry 1.7.1 and should not be changed by hand.

[[package]]
name = "certifi"
version = "2022.12.7"
description = "Python package for providing Mozilla's CA Bundle."
optional = false
python-versions = ">=3.6"
files = [
    {file = "certifi-2022.12.7-py3-none-any.whl", hash = "sha256:4ad3232f5e926d6718ec31cfc1fcadfde020920e278684144551c91769c7bc18"},
    {file = "certifi-2022.12.7.tar.gz", hash = "sha256:35824b4c3a97115964b408844d64aa14db1cc518f6562e8d7261699d1350a9e3"},
]

[[package]]
name = "charset-normalizer"
version = "2.1.1"
description = "The Real First Universal Charset Detector. Open, modern and actively maintained alternative to Chardet."
optional = false
python-versions = ">=3.6.0"
files = [
    {file = "charset-normalizer-2.1.1.tar.gz", hash = "sha256:5a3d016c7c547f69d6f81fb0db9449ce888b418b5b9952cc5e6e66843e9dd845"},
    {file = "charset_normalizer-2.1.1-py3-none-any.whl", hash = "sha256:83e9a75d1911279afd89352c68b45348559d1fc0506b054b346651b5e7fee29f"},
]

[package.extras]
unicode-backport = ["unicodedata2"]

[[package]]
name = "colorama"
version = "0.4.5"
description = "Cross-platform colored terminal text."
optional = false
python-versions = ">=2.7, !=3.0.*, !=3.1.*, !=3.2.*, !=3.3.*, !=3.4.*"
files = [
    {file = "colorama-0.4.5-py2.py3-none-any.whl", hash = "sha256:854bf444933e37f5824ae7bfc1e98d5bce2ebe4160d46b5edf346a89358e99da"},
    {file = "colorama-0.4.5.tar.gz", hash = "sha256:e6c6b4334fc50988a639d9b98aa429a0b57da6e17b9a44f0451f930b6967b7a4"},
]

[[package]]
name = "idna"
version = "3.4"
description = "Internationalized Domain Names in Applications (IDNA)"
optional = false
python-versions = ">=3.5"
files = [
    {file = "idna-3.4-py3-none-any.whl", hash = "sha256:90b77e79eaa3eba6de819a0c442c0b4ceefc341a7a2ab77d7562bf49f425c5c2"},
    {file = "idna-3.4.tar.gz", hash = "sha256:814f528e8dead7d329833b91c5faa87d60bf71824cd12a7530b5526063d02cb4"},
]

[[package]]
name = "loguru"
version = "0.6.0"
description = "Python logging made (stupidly) simple"
optional = false
python-versions = ">=3.5"
files = [
    {file = "loguru-0.6.0-py3-none-any.whl", hash = "sha256:4e2414d534a2ab57573365b3e6d0234dfb1d84b68b7f3b948e6fb743860a77c3"},
    {file = "loguru-0.6.0.tar.gz", hash = "sha256:066bd06758d0a513e9836fd9c6b5a75bfb3fd36841f4b996bc60b547a309d41c"},
]

[package.dependencies]
colorama = {version = ">=0.3.4", markers = "sys_platform == \"win32\""}
win32-setctime = {version = ">=1.0.0", markers = "sys_platform == \"win32\""}

[package.extras]
dev = ["Sphinx (>=4.1.1)", "black (>=19.10b0)", "colorama (>=0.3.4)", "docutils (==0.16)", "flake8 (>=3.7.7)", "isort (>=5.1.1)", "pytest (>=4.6.2)", "pytest-cov (>=2.7.1)", "sphinx-autobuild (>=0.7.1)", "sphinx-rtd-theme (>=0.4.3)", "tox (>=3.9.0)"]

[[package]]
name = "lol-voice"
version = "1.0.3"
description = "通过解析英雄联盟游戏内WAD、BNK、WPK、BIN等文件来提取音频文件，并可以按照触发事件分类"
optional = false
python-versions = ">=3.8"
files = [
    {file = "lol-voice-1.0.3.tar.gz", hash = "sha256:a899bcbfddfe2dc8b11553574870c4ce170f9c223926568d69dc465f1b7bde30"},
    {file = "lol_voice-1.0.3-py3-none-any.whl", hash = "sha256:b333c69bb046328a9c050d2beda712243d7a8ada9b32f74e9d9f1528b273c7da"},
]

[package.dependencies]
loguru = ">=0.6.0,<0.7.0"
xxhash = ">=3.0.0,<4.0.0"
zstd = ">=1.5.2.5,<2.0.0.0"

[[package]]
name = "requests"
version = "2.31.0"
description = "Python HTTP for Humans."
optional = false
python-versions = ">=3.7"
files = [
    {file = "requests-2.31.0-py3-none-any.whl", hash = "sha256:58cd2187c01e70e6e26505bca751777aa9f2ee0b7f4300988b709f44e013003f"},
    {file = "requests-2.31.0.tar.gz", hash = "sha256:942c5a758f98d790eaed1a29cb6eefc7ffb0d1cf7af05c3d2791656dbd6ad1e1"},
]

[package.dependencies]
certifi = ">=2017.4.17"
charset-normalizer = ">=2,<4"
idna = ">=2.5,<4"
urllib3 = ">=1.21.1,<3"

[package.extras]
socks = ["PySocks (>=1.5.6,!=1.5.7)"]
use-chardet-on-py3 = ["chardet (>=3.0.2,<6)"]

[[package]]
name = "urllib3"
version = "1.26.12"
description = "HTTP library with thread-safe connection pooling, file post, and more."
optional = false
python-versions = ">=2.7, !=3.0.*, !=3.1.*, !=3.2.*, !=3.3.*, !=3.4.*, !=3.5.*, <4"
files = [
    {file = "urllib3-1.26.12-py2.py3-none-any.whl", hash = "sha256:b930dd878d5a8afb066a637fbb35144fe7901e3b209d1cd4f524bd0e9deee997"},
    {file = "urllib3-1.26.12.tar.gz", hash = "sha256:3fa96cf423e6987997fc326ae8df396db2a8b7c667747d47ddd8ecba91f4a74e"},
]

[package.extras]
brotli = ["brotli (>=1.0.9)", "brotlicffi (>=0.8.0)", "brotlipy (>=0.6.0)"]
secure = ["certifi", "cryptography (>=1.3.4)", "idna (>=2.0.0)", "ipaddress", "pyOpenSSL (>=0.14)", "urllib3-secure-extra"]
socks = ["PySocks (>=1.5.6,!=1.5.7,<2.0)"]

[[package]]
name = "win32-setctime"
version = "1.1.0"
description = "A small Python utility to set file creation time on Windows"
optional = false
python-versions = ">=3.5"
files = [
    {file = "win32_setctime-1.1.0-py3-none-any.whl", hash = "sha256:231db239e959c2fe7eb1d7dc129f11172354f98361c4fa2d6d2d7e278baa8aad"},
    {file = "win32_setctime-1.1.0.tar.gz", hash = "sha256:15cf5750465118d6929ae4de4eb46e8edae9a5634350c01ba582df868e932cb2"},
]

[package.extras]
dev = ["black (>=19.3b0)", "pytest (>=4.6.2)"]

[[package]]
name = "xxhash"
version = "3.0.0"
description = "Python binding for xxHash"
optional = false
python-versions = ">=3.6"
files = [
    {file = "xxhash-3.0.0-cp310-cp310-macosx_10_9_x86_64.whl", hash = "sha256:219cba13991fd73cf21a5efdafa5056f0ae0b8f79e5e0112967e3058daf73eea"},
    {file = "xxhash-3.0.0-cp310-cp310-macosx_11_0_arm64.whl", hash = "sha256:3fcbb846af15eff100c412ae54f4974ff277c92eacd41f1ec7803a64fd07fa0c"},
    {file = "xxhash-3.0.0-cp310-cp310-manylinux_2_17_aarch64.manylinux2014_aarch64.whl", hash = "sha256:5f475fa817ff7955fc118fc1ca29a6e691d329b7ff43f486af36c22dbdcff1db"},
    {file = "xxhash-3.0.0-cp310-cp310-manylinux_2_17_ppc64le.manylinux2014_ppc64le.whl", hash = "sha256:9200a90f02ff6fd5fb63dea107842da71d8626d99b768fd31be44f3002c60bbe"},
    {file = "xxhash-3.0.0-cp310-cp310-manylinux_2_17_s390x.manylinux2014_s390x.whl", hash = "sha256:a1403e4f551c9ef7bcef09af55f1adb169f13e4de253db0887928e5129f87af1"},
    {file = "xxhash-3.0.0-cp310-cp310-manylinux_2_17_x86_64.manylinux2014_x86_64.whl", hash = "sha256:fa7f6ca53170189a2268c83af0980e6c10aae69e6a5efa7ca989f89fff9f8c02"},
    {file = "xxhash-3.0.0-cp310-cp310-manylinux_2_5_i686.manylinux1_i686.manylinux_2_17_i686.manylinux2014_i686.whl", hash = "sha256:5b63fbeb6d9c93d50ae0dc2b8a8b7f52f2de19e40fe9edc86637bfa5743b8ba2"},
    {file = "xxhash-3.0.0-cp310-cp310-win32.whl", hash = "sha256:31f25efd10b6f1f6d5c34cd231986d8aae9a42e042daa90b783917f170807869"},
    {file = "xxhash-3.0.0-cp310-cp310-win_amd64.whl", hash = "sha256:807e88ed56e0fb347cb57d5bf44851f9878360fed700f2f63e622ef4eede87a5"},
    {file = "xxhash-3.0.0-cp36-cp36m-macosx_10_9_x86_64.whl", hash = "sha256:6d612c55a75d84d25898f6c5ad6a589aa556d1cb9af770b6c574ee62995167f6"},
    {file = "xxhash-3.0.0-cp36-cp36m-manylinux_2_17_aarch64.manylinux2014_aarch64.whl", hash = "sha256:6f9309fcaf73f93df3101f03a61dc30644adff3e8d0044fff8c0c195dbbe63e2"},
    {file = "xxhash-3.0.0-cp36-cp36m-manylinux_2_17_ppc64le.manylinux2014_ppc64le.whl", hash = "sha256:a2273fe40720e86346a17f06ef95cd60ee0d66ffce7cf55e390ef7350112b16d"},
    {file = "xxhash-3.0.0-cp36-cp36m-manylinux_2_17_s390x.manylinux2014_s390x.whl", hash = "sha256:fc6f3a334587c83c5ba56c19b254a97542ce1fc05ccfd66fbf568e6117718d65"},
    {file = "xxhash-3.0.0-cp36-cp36m-manylinux_2_17_x86_64.manylinux2014_x86_64.whl", hash = "sha256:36cf410da5bfcca51ac3c2c51a3317dcd7af91f70fa61eca57fba39554f06ae3"},
    {file = "xxhash-3.0.0-cp36-cp36m-manylinux_2_5_i686.manylinux1_i686.manylinux_2_17_i686.manylinux2014_i686.whl", hash = "sha256:21752a3e9a2391d91bd51f4aa2fe028ae14ba6a8d37db9ebe00ccac10be5ac4a"},
    {file = "xxhash-3.0.0-cp36-cp36m-win32.whl", hash = "sha256:322068a063ef156455a401ab720f0892f2d2dd1540c1a308e95a7cbf356df51c"},
    {file = "xxhash-3.0.0-cp36-cp36m-win_amd64.whl", hash = "sha256:2984fa9a880587c0bfa46d32717b2d209863ee68727ea0fc17f05fce25efa692"},
    {file = "xxhash-3.0.0-cp37-cp37m-macosx_10_9_x86_64.whl", hash = "sha256:6493dd938b360235da81b1c79d8cd048c4f11977e1159b4e744c54f98d3a7bb4"},
    {file = "xxhash-3.0.0-cp37-cp37m-manylinux_2_17_aarch64.manylinux2014_aarch64.whl", hash = "sha256:fb9eca32f9b4acc7149db2c86f8108167b9929b7da1887d4287a90cfdb3ea53a"},
    {file = "xxhash-3.0.0-cp37-cp37m-manylinux_2_17_ppc64le.manylinux2014_ppc64le.whl", hash = "sha256:f4125e70e4e1d79992d81de837a0586aa0241665dbc5ce01b9c89330ed5cbb66"},
    {file = "xxhash-3.0.0-cp37-cp37m-manylinux_2_17_s390x.manylinux2014_s390x.whl", hash = "sha256:583bea142569485bdb0c5900e804058c16edba1850b74519688c22bc546e6175"},
    {file = "xxhash-3.0.0-cp37-cp37m-manylinux_2_17_x86_64.manylinux2014_x86_64.whl", hash = "sha256:4f3adf2891acc18abacd15113e9cbbefd30e5f4ecaae32c23e5486fc09c76ea5"},
    {file = "xxhash-3.0.0-cp37-cp37m-manylinux_2_5_i686.manylinux1_i686.manylinux_2_17_i686.manylinux2014_i686.whl", hash = "sha256:ed65a2671d380ae05262ce1e4ccc2b63f3c30506d207bf6fae8cd72be0ad65d4"},
    {file = "xxhash-3.0.0-cp37-cp37m-win32.whl", hash = "sha256:c604b3dcac9d37e3fceaa11884927024953260cc4224d9b89400d16e6cf34021"},
    {file = "xxhash-3.0.0-cp37-cp37m-win_amd64.whl", hash = "sha256:1c6fc59e182506496544bc6d426bcf6077066ed1b40cfcd937f707cc06c7ef50"},
    {file = "xxhash-3.0.0-cp38-cp38-macosx_10_9_x86_64.whl", hash = "sha256:5628375dbb76d33b93b44854a6c5433e2a78115e03ea2ae1bb74a34ab012a43f"},
    {file = "xxhash-3.0.0-cp38-cp38-macosx_11_0_arm64.whl", hash = "sha256:687aa4373690f23a3f43cc23d81005304d284ff6c041bff1f967664ab6410f36"},
    {file = "xxhash-3.0.0-cp38-cp38-manylinux_2_17_aarch64.manylinux2014_aarch64.whl", hash = "sha256:9fa2100fb68b163e99370561c9e29ed37b9153fe99443600bea28829150eb0e4"},
    {file = "xxhash-3.0.0-cp38-cp38-manylinux_2_17_ppc64le.manylinux2014_ppc64le.whl", hash = "sha256:891d7651431a055f76fe2c8f86c593c3dede8ec5b10ca55e8ff5c9fdceb55f0b"},
    {file = "xxhash-3.0.0-cp38-cp38-manylinux_2_17_s390x.manylinux2014_s390x.whl", hash = "sha256:197c32d7b62be02957ca31aa69febadf9c5a34ef953053ea16e2c72465bc450f"},
    {file = "xxhash-3.0.0-cp38-cp38-manylinux_2_17_x86_64.manylinux2014_x86_64.whl", hash = "sha256:91fa4df41bda3cbec4084d9696028780b47128c1f8450d1ad9c3e4b6bf8b1f99"},
    {file = "xxhash-3.0.0-cp38-cp38-manylinux_2_5_i686.manylinux1_i686.manylinux_2_17_i686.manylinux2014_i686.whl", hash = "sha256:4cd38b766fc40e9fe37b80112656d2e5a0cb2f9bc12e01b286353b5ecd2768e8"},
    {file = "xxhash-3.0.0-cp38-cp38-win32.whl", hash = "sha256:4258ef78f5a7d1f9c595846134c7d81a868c74942051453258eb383498662d4d"},
    {file = "xxhash-3.0.0-cp38-cp38-win_amd64.whl", hash = "sha256:b82b1cf4407ad908e04e864473cc3baa8e764c7bbebea959150764cc681a1611"},
    {file = "xxhash-3.0.0-cp39-cp39-macosx_10_9_x86_64.whl", hash = "sha256:da4d91e28418469b29eed8635c08af28b588e51cd04288bed1ba1cf60f2d91f6"},
    {file = "xxhash-3.0.0-cp39-cp39-macosx_11_0_arm64.whl", hash = "sha256:48aab36169b0c00e586cb4eb2814ab8bfed686933126019906f917ff9a78c99e"},
    {file = "xxhash-3.0.0-cp39-cp39-manylinux_2_17_aarch64.manylinux2014_aarch64.whl", hash = "sha256:0b0d522570c9ccea6203b3d96ac7f0cfc1d29e613640475d513be432545c48cc"},
    {file = "xxhash-3.0.0-cp39-cp39-manylinux_2_17_ppc64le.manylinux2014_ppc64le.whl", hash = "sha256:d6054434ddb060685e86e7457f52d188b0886834baaa532f9f78b4f2b53cfd9b"},
    {file = "xxhash-3.0.0-cp39-cp39-manylinux_2_17_s390x.manylinux2014_s390x.whl", hash = "sha256:cbf546ca5f5903ceeb46d9e6abf81f3a64edb95bb7dbe0f75283eec93a7eb2a0"},
    {file = "xxhash-3.0.0-cp39-cp39-manylinux_2_17_x86_64.manylinux2014_x86_64.whl", hash = "sha256:22704f23f23ccbe892cee3e7568c67f07ac25beaa2d1cff183274005d9d39149"},
    {file = "xxhash-3.0.0-cp39-cp39-manylinux_2_5_i686.manylinux1_i686.manylinux_2_17_i686.manylinux2014_i686.whl", hash = "sha256:83198e223bcc4b2418b5282ac930e444738c2a33859dee4e570b25c8433d83a2"},
    {file = "xxhash-3.0.0-cp39-cp39-win32.whl", hash = "sha256:3bcd4cd9b22293ea1c08822518fbb6d933c2960d66662d468a1945a45cace194"},
    {file = "xxhash-3.0.0-cp39-cp39-win_amd64.whl", hash = "sha256:f5dd4c37da3408d56ae942dc103f4ae3b43510daa4f5accd0a411fc6e914f10a"},
    {file = "xxhash-3.0.0-pp37-pypy37_pp73-macosx_10_9_x86_64.whl", hash = "sha256:485f172abc03f78afd4f38dbdbb5665f59c5487126fa4c3181c6582cda4de03b"},
    {file = "xxhash-3.0.0-pp37-pypy37_pp73-manylinux_2_17_aarch64.manylinux2014_aarch64.whl", hash = "sha256:035248b3d7ab6deb7b247278494d293b9faccfa853078319d25e2926f566b2f8"},
    {file = "xxhash-3.0.0-pp37-pypy37_pp73-manylinux_2_17_x86_64.manylinux2014_x86_64.whl", hash = "sha256:b30ae90c0cfd10ffe852c6b0f263253782eea74a8189d5f2440f6595c1e8047e"},
    {file = "xxhash-3.0.0-pp37-pypy37_pp73-manylinux_2_5_i686.manylinux1_i686.manylinux_2_17_i686.manylinux2014_i686.whl", hash = "sha256:8fd203d8a3c013e679722047ef4f061f690c6cff49380622444bca4c30f3bf23"},
    {file = "xxhash-3.0.0-pp37-pypy37_pp73-win_amd64.whl", hash = "sha256:6d60059aaef12a01c0cc24f1d7aaaab7933ae9f4b7adfd9ebbd37dc7ceac1745"},
    {file = "xxhash-3.0.0-pp38-pypy38_pp73-macosx_10_9_x86_64.whl", hash = "sha256:676c97bf7cc298b65eec0368c2cb5611d87a8e876930843311ca728f69292752"},
    {file = "xxhash-3.0.0-pp38-pypy38_pp73-manylinux_2_17_aarch64.manylinux2014_aarch64.whl", hash = "sha256:2245c6e20e96e3f8fdfb61ad6bc5cde6ce8a1c2b93aa4a32a27bba7ab3aeaf12"},
    {file = "xxhash-3.0.0-pp38-pypy38_pp73-manylinux_2_17_x86_64.manylinux2014_x86_64.whl", hash = "sha256:2ae926a52d020085a2d7f69d0e2155cbf819ae409f2e5dbb345dd40a6462de32"},
    {file = "xxhash-3.0.0-pp38-pypy38_pp73-manylinux_2_5_i686.manylinux1_i686.manylinux_2_17_i686.manylinux2014_i686.whl", hash = "sha256:0a2efdcb811be3edc520b78364c11a1e54f5d8e5db895a9ff2bcdd4a7ffa36a5"},
    {file = "xxhash-3.0.0-pp38-pypy38_pp73-win_amd64.whl", hash = "sha256:885b3a851980056707ab99a2c19c35dfe2c2ba5f602066dbfcd8af45ea855760"},
    {file = "xxhash-3.0.0.tar.gz", hash = "sha256:30b2d97aaf11fb122023f6b44ebb97c6955e9e00d7461a96415ca030b5ceb9c7"},
]

[[package]]
name = "zstd"
version = "1.5.2.6"
description = "ZSTD Bindings for Python"
optional = false
python-versions = "*"
files = [
    {file = "zstd-1.5.2.6-cp27-cp27m-macosx_10_15_x86_64.whl", hash = "sha256:7ee7e1048627115dbe7787f4ce85116ecd1bedcb0bfc64cf993f43af7f6cc2a8"},
    {file = "zstd-1.5.2.6-cp27-cp27m-manylinux1_i686.whl", hash = "sha256:b47378a2df45bd74f25228013d9f8e68f2ffb53c07cb82e785d34417c4ad24ec"},
    {file = "zstd-1.5.2.6-cp27-cp27m-manylinux1_x86_64.whl", hash = "sha256:27add120bc959d251d429799d7554e41c662cf16e353fedeb8449529649ac55a"},
    {file = "zstd-1.5.2.6-cp27-cp27mu-manylinux1_i686.whl", hash = "sha256:c08400e3a8da8f0939cb2f99e8ddbe238a25a211f88d098764da9c8b7e8d345e"},
    {file = "zstd-1.5.2.6-cp27-cp27mu-manylinux1_x86_64.whl", hash = "sha256:657098600f7ab46ad3cb60a449add8f3689aa5a021bbac17fb9cdc8dcde645b1"},
    {file = "zstd-1.5.2.6-cp310-cp310-macosx_10_15_x86_64.whl", hash = "sha256:a83be51360dd6765136ab1cb20e1076f547502ed3d45eb990117a9a979af5a7c"},
    {file = "zstd-1.5.2.6-cp310-cp310-macosx_11_0_arm64.whl", hash = "sha256:e03c4c4f90405be673dc308b97f54ea528d4125ba9e6121fc869934a62c63d43"},
    {file = "zstd-1.5.2.6-cp310-cp310-manylinux_2_17_aarch64.manylinux2014_aarch64.whl", hash = "sha256:56e0716370fe5c4f9ec8f2e07223c78b28dccc3296aa892340893be417eb5ba5"},
    {file = "zstd-1.5.2.6-cp310-cp310-manylinux_2_17_x86_64.manylinux2014_x86_64.whl", hash = "sha256:abdeffda8d8bc3ed8edd3467b4150b84483bb1cf4831c8887f6bf97f1cbfe4b9"},
    {file = "zstd-1.5.2.6-cp310-cp310-manylinux_2_5_i686.manylinux1_i686.manylinux_2_17_i686.manylinux2014_i686.whl", hash = "sha256:c6673bde4594d20504b8863e4b3163a693ff94f1cae4f9bb13ffc5c984044259"},
    {file = "zstd-1.5.2.6-cp310-cp310-musllinux_1_1_aarch64.whl", hash = "sha256:45b6e6071c71bd5f397a77fc7cc5209372686fc179c48d2aa6d095ddcad714a8"},
    {file = "zstd-1.5.2.6-cp310-cp310-musllinux_1_1_i686.whl", hash = "sha256:68894491edbf062a54dc392e1647094cfe269fb6d9d5491e0f79e5785cc2651b"},
    {file = "zstd-1.5.2.6-cp310-cp310-musllinux_1_1_x86_64.whl", hash = "sha256:7ad87caa90152bbb31881258a76ecd5387dc061aaa948679e8bcd54efbf081a8"},
    {file = "zstd-1.5.2.6-cp310-cp310-win32.whl", hash = "sha256:e59f96fb440746e0cecc316efdeee54625f7d7c71866e1e07368cdd5668f92a7"},
    {file = "zstd-1.5.2.6-cp310-cp310-win_amd64.whl", hash = "sha256:2650568035a43f166fe916de879cb54dbc1fa0f4ec4c376334aa17119304463f"},
    {file = "zstd-1.5.2.6-cp35-cp35m-macosx_10_15_x86_64.whl", hash = "sha256:05625c952f5c5db581fe459d54fc4f7ef481cce5f6b63716ff3b133e0b4c1f6c"},
    {file = "zstd-1.5.2.6-cp35-cp35m-manylinux1_i686.whl", hash = "sha256:026b15bb3b55cf9ef3389e401de32f54746246416150f4cd323aa0dc890780bb"},
    {file = "zstd-1.5.2.6-cp35-cp35m-manylinux1_x86_64.whl", hash = "sha256:bbe9ce0fd93145191ae332122b9ee71b4b8203cee8ffdb12a34e7884e3f75fe7"},
    {file = "zstd-1.5.2.6-cp35-cp35m-win32.whl", hash = "sha256:2c8bd9242ed97fd49ae19d5b988b3fcff98449d25e8c5cd5c3e32b0e96a1d150"},
    {file = "zstd-1.5.2.6-cp35-cp35m-win_amd64.whl", hash = "sha256:e8824f39f6ccf9a829afb3f4dd59ccb97ece2ae8656b90571a56fae92a3f5310"},
    {file = "zstd-1.5.2.6-cp36-cp36m-macosx_10_15_x86_64.whl", hash = "sha256:ed7d2a6aa0d35d8b643c84253883716af96b7c2e101ace43a4e3b970af453887"},
    {file = "zstd-1.5.2.6-cp36-cp36m-manylinux1_i686.whl", hash = "sha256:238ac24083d7b0dc6bace781aab177b798b529ce42d7e00f5e7593e4faf5a97b"},
    {file = "zstd-1.5.2.6-cp36-cp36m-manylinux1_x86_64.whl", hash = "sha256:b6b67a790145a977c0028ff4c76ab68819d6be26eaf62f5272e26a7af2d78f6f"},
    {file = "zstd-1.5.2.6-cp36-cp36m-win32.whl", hash = "sha256:51587597d7bcc9838279bc11cc8560135e79030a7a8fbe0eacf79f50b06885af"},
    {file = "zstd-1.5.2.6-cp36-cp36m-win_amd64.whl", hash = "sha256:21a2929481a28d0beb1ed79bd5ea49a55cf7bd9561d790b34b14cddd75f7bd30"},
    {file = "zstd-1.5.2.6-cp37-cp37m-macosx_10_15_x86_64.whl", hash = "sha256:e727a584fadec04f0be77cc04f59488040124986605cd6bf085ac90efb49ade5"},
    {file = "zstd-1.5.2.6-cp37-cp37m-manylinux_2_17_aarch64.manylinux2014_aarch64.whl", hash = "sha256:60e92af3cc625bbb798f63468deb12e8b771f6e92c0b3a8bfb48eac7dca8eeaf"},
    {file = "zstd-1.5.2.6-cp37-cp37m-manylinux_2_17_x86_64.manylinux2014_x86_64.whl", hash = "sha256:e67e4a5571f257dd762424688cca36ef668e7a1c1fada9f7b7a3d35ee9090464"},
    {file = "zstd-1.5.2.6-cp37-cp37m-manylinux_2_5_i686.manylinux1_i686.manylinux_2_17_i686.manylinux2014_i686.whl", hash = "sha256:92c09c7044da88158c0fd8d4c39836ef237bc9b847ccae8f620d1234aca58460"},
    {file = "zstd-1.5.2.6-cp37-cp37m-musllinux_1_1_aarch64.whl", hash = "sha256:3b127b316870e6d2fd7c59b2b10f228767bf90f8b0ad9626791be34b0a75e5b7"},
    {file = "zstd-1.5.2.6-cp37-cp37m-musllinux_1_1_i686.whl", hash = "sha256:459fcaef9f61da94626129d4aadddb3bf1a0b544781ee3449f6c7baeca64a28a"},
    {file = "zstd-1.5.2.6-cp37-cp37m-musllinux_1_1_x86_64.whl", hash = "sha256:dc64f9e861189bc79bf56ef09ddc85d7002d71c0096558ed0a0c32eafb3fe3df"},
    {file = "zstd-1.5.2.6-cp37-cp37m-win32.whl", hash = "sha256:ee5f4cffe921e7e88ba9761e49f37df403d8e7f561783e6835849f4d2cbadf34"},
    {file = "zstd-1.5.2.6-cp37-cp37m-win_amd64.whl", hash = "sha256:39e100d16fd55c9dca4fe1c3a1380b20b82e5a6240b9b0ed99b8277a585963f0"},
    {file = "zstd-1.5.2.6-cp38-cp38-macosx_10_15_x86_64.whl", hash = "sha256:5a5b1bdaef97a98bdbb46e45e70a9318030705de95bfdf37cfb4a709868d1af4"},
    {file = "zstd-1.5.2.6-cp38-cp38-macosx_11_0_arm64.whl", hash = "sha256:bbb4a820ba014386b472bb6192def5091247fe1267f8037331b4a8c4e192a39d"},
    {file = "zstd-1.5.2.6-cp38-cp38-manylinux_2_17_aarch64.manylinux2014_aarch64.whl", hash = "sha256:b63563875974786bf61ae7042192bc6a2009d53f3d07b40a926b975bffb95f69"},
    {file = "zstd-1.5.2.6-cp38-cp38-manylinux_2_17_x86_64.manylinux2014_x86_64.whl", hash = "sha256:e78115677b596465cb6b2a1b4caf2a2526b7f6a8c626cfba4c6c66ba5c31de6f"},
    {file = "zstd-1.5.2.6-cp38-cp38-manylinux_2_5_i686.manylinux1_i686.manylinux_2_17_i686.manylinux2014_i686.whl", hash = "sha256:943e0ab6f20bee07f1be3f537714098472209b0cfc599d64561e79880fc5b309"},
    {file = "zstd-1.5.2.6-cp38-cp38-musllinux_1_1_aarch64.whl", hash = "sha256:f7677a3b8c35b8fbcaf89fb5ef85fd1c5ea1fdcd027ffb8bfe36dd226082152a"},
    {file = "zstd-1.5.2.6-cp38-cp38-musllinux_1_1_i686.whl", hash = "sha256:e7e72752a8300eb0b665c9e26cf150d3422aabd98b4543e763f8871462f59d4c"},
    {file = "zstd-1.5.2.6-cp38-cp38-musllinux_1_1_x86_64.whl", hash = "sha256:1a9e9d903d1533802a76ceec3c58c78064d9a949d03c15235cb7017c23a8d605"},
    {file = "zstd-1.5.2.6-cp38-cp38-win32.whl", hash = "sha256:3e9a78246ecf5e2f5faafebfbbe969bbf59aa45332d2a417abe0900b8f52be98"},
    {file = "zstd-1.5.2.6-cp38-cp38-win_amd64.whl", hash = "sha256:af0fdff5b89159d9c255865e2afc6bd3fad780754da712d54ac7c59bdb41502e"},
    {file = "zstd-1.5.2.6-cp39-cp39-macosx_10_15_x86_64.whl", hash = "sha256:3dcc246497e01a18b8ae2e56685d265d5d85ccf633c4a2a23f188fec2921851a"},
    {file = "zstd-1.5.2.6-cp39-cp39-macosx_11_0_arm64.whl", hash = "sha256:63878a0f101b775caa1c32efa9d77da8786e770b72f6184ed4fc1f79934f5dec"},
    {file = "zstd-1.5.2.6-cp39-cp39-manylinux_2_17_aarch64.manylinux2014_aarch64.whl", hash = "sha256:04eabc6c466c0cb6074c16fe18c73205ee34912cfbee2e8a80714c1fa7db7c59"},
    {file = "zstd-1.5.2.6-cp39-cp39-manylinux_2_17_x86_64.manylinux2014_x86_64.whl", hash = "sha256:a7762adb999c7817b62f3dae1bad7afc0d2dd6b1625c9f84dd9d2ebcb3b789ac"},
    {file = "zstd-1.5.2.6-cp39-cp39-manylinux_2_5_i686.manylinux1_i686.manylinux_2_17_i686.manylinux2014_i686.whl", hash = "sha256:0d925d7e829a478af84bfb624cb57595a4992355510413a2446a58a018713f53"},
    {file = "zstd-1.5.2.6-cp39-cp39-musllinux_1_1_aarch64.whl", hash = "sha256:c6ae387362a5cf572106a82b4af0b3297c6bc2c2f95c744df4a0147f38cf3c29"},
    {file = "zstd-1.5.2.6-cp39-cp39-musllinux_1_1_i686.whl", hash = "sha256:1fa831971473f1534575d078dd2219fb1b30a417a51e3d63348af39f4b02927c"},
    {file = "zstd-1.5.2.6-cp39-cp39-musllinux_1_1_x86_64.whl", hash = "sha256:7db682b71a83d4d2f176e9a2cf99492d0b36ad53461785d9c9b99800c5792a25"},
    {file = "zstd-1.5.2.6-cp39-cp39-win32.whl", hash = "sha256:6519ce50ae01f2e143f547ad51642f5a0bf3690a2f9e72ab1ba7d19e8927fec7"},
    {file = "zstd-1.5.2.6-cp39-cp39-win_amd64.whl", hash = "sha256:94beb7b3cf00a17a9a6626192fe6027d2f4b7ddab7547245cd8c695eb6ecf0d9"},
    {file = "zstd-1.5.2.6-pp27-pypy_73-macosx_10_15_x86_64.whl", hash = "sha256:cb1e0267c653e1e33fdf21b4bad4d7b0981b2f1b816d1c008e982ef0bb292c38"},
    {file = "zstd-1.5.2.6-pp27-pypy_73-manylinux1_x86_64.whl", hash = "sha256:dc60dfd11b234f02836841e96b7d9831f02ebc4621f30b8dfc0079e7ab95a3ca"},
    {file = "zstd-1.5.2.6-pp27-pypy_73-manylinux2010_x86_64.whl", hash = "sha256:ba14db4dab025a86e3a2bce1f705f1c9a200231d738e5a9d59051bd0ec70edc5"},
    {file = "zstd-1.5.2.6-pp36-pypy36_pp73-macosx_10_15_x86_64.whl", hash = "sha256:d76599a6919692a1fbae66e8b91d46b5de14364a40f28b31c8388914a9a931f4"},
    {file = "zstd-1.5.2.6-pp36-pypy36_pp73-manylinux1_x86_64.whl", hash = "sha256:a9841adbe8250e4b4c93acdf0313906a94f5261e407f5fe42dfe89db557783d1"},
    {file = "zstd-1.5.2.6-pp36-pypy36_pp73-manylinux2010_x86_64.whl", hash = "sha256:72521f73c6a7ea459033c2ef8aa3850fd253c0e32a73ab0c18b2ff1ea50660e1"},
    {file = "zstd-1.5.2.6-pp36-pypy36_pp73-win32.whl", hash = "sha256:bb6b78fd73ba9462172901852adf5edd4ace496ff02accd0ffd7c32a9e6a74d8"},
    {file = "zstd-1.5.2.6-pp37-pypy37_pp73-macosx_10_15_x86_64.whl", hash = "sha256:27d84f4e9ef9ba98f10164505f08cd1c7afd8d011b3c9767e278338e45299d1d"},
    {file = "zstd-1.5.2.6-pp37-pypy37_pp73-manylinux_2_17_aarch64.manylinux2014_aarch64.whl", hash = "sha256:03a873139c3796ef11d4d34f698c759fbf1ba2359336adb54da8f0b461b1d250"},
    {file = "zstd-1.5.2.6-pp37-pypy37_pp73-manylinux_2_17_x86_64.manylinux2014_x86_64.whl", hash = "sha256:ada71c78ce53dc7f1e9d888afeb1749395abafcda870efa5ea648f55a31bac64"},
    {file = "zstd-1.5.2.6-pp37-pypy37_pp73-manylinux_2_5_i686.manylinux1_i686.manylinux_2_17_i686.manylinux2014_i686.whl", hash = "sha256:5ee48f98f97479cee2b52c5d1aff37c885a7322b7af01a731a308384893130ee"},
    {file = "zstd-1.5.2.6-pp37-pypy37_pp73-win_amd64.whl", hash = "sha256:11cfc04448d4b88f09b74e10fd6f79078f17afbe935c2011b6f843d9a16b5cdf"},
    {file = "zstd-1.5.2.6-pp38-pypy38_pp73-macosx_10_15_x86_64.whl", hash = "sha256:f226a40fa2b84a34ce4c8d31963854440824e60d70336b2c5040ea303910ef45"},
    {file = "zstd-1.5.2.6-pp38-pypy38_pp73-manylinux_2_17_aarch64.manylinux2014_aarch64.whl", hash = "sha256:f401325ddd730124eae84025295440c5eb42095bf84f2347380f937ba9da13d5"},
    {file = "zstd-1.5.2.6-pp38-pypy38_pp73-manylinux_2_17_x86_64.manylinux2014_x86_64.whl", hash = "sha256:b27e04487a77c783308102bad61c1de26e350b27dc8ca5ed10114ae81de6c8bb"},
    {file = "zstd-1.5.2.6-pp38-pypy38_pp73-manylinux_2_5_i686.manylinux1_i686.manylinux_2_17_i686.manylinux2014_i686.whl", hash = "sha256:a9a7f5e9fa73fa8ee9398f17cbca27554abc813fde6d8593220d2b815780ec45"},
    {file = "zstd-1.5.2.6-pp38-pypy38_pp73-win_amd64.whl", hash = "sha256:7f0de2fdb9bccfeebab96d43a47f50184c0b28561268850104430c93c44b501e"},
    {file = "zstd-1.5.2.6-pp39-pypy39_pp73-macosx_10_15_x86_64.whl", hash = "sha256:8698e3fbc5601b593aa17c7838a48f80b97894c5b3dc20f1424947f77b691999"},
    {file = "zstd-1.5.2.6-pp39-pypy39_pp73-manylinux_2_17_aarch64.manylinux2014_aarch64.whl", hash = "sha256:eb08325a19e4a5e1c07c898a6c19ed212a63120bd7cc83153e9e6de84b116d20"},
    {file = "zstd-1.5.2.6-pp39-pypy39_pp73-manylinux_2_17_x86_64.manylinux2014_x86_64.whl", hash = "sha256:c6641c33f4279d0c17268c1fbd3c420ff19b0e51ba019aa13d58f21534eac54d"},
    {file = "zstd-1.5.2.6-pp39-pypy39_pp73-manylinux_2_5_i686.manylinux1_i686.manylinux_2_17_i686.manylinux2014_i686.whl", hash = "sha256:099ccbb06c56895aead62d803cc9907b891d6ca1d496b562ed26cd7b271e1db4"},
    {file = "zstd-1.5.2.6-pp39-pypy39_pp73-win_amd64.whl", hash = "sha256:c41bed84183274cab7b74b4add339de8f88d4186ea39c9b21f58d9a697bb4462"},
    {file = "zstd-1.5.2.6.tar.gz", hash = "sha256:f440858d198890e5ff517dff32d15e8c31bb73506a896f9baf6d014efe62f7fc"},
]

[metadata]
lock-version = "2.0"
python-versions = "^3.10"
content-hash = "e179d59e42518ad4331c6b26d5fa9b404efac32b5a2905e58b7730a196d579e8"
