# This file is automatically @generated by Poetry 1.7.1 and should not be changed by hand.

[[package]]
name = "certifi"
version = "2022.12.7"
description = "Python package for providing Mozilla's CA Bundle."
optional = false
python-versions = ">=3.6"
files = [
    {file = "certifi-2022.12.7-py3-none-any.whl", hash = "sha256:4ad3232f5e926d6718ec31cfc1fcadfde020920e278684144551c91769c7bc18"},
    {file = "certifi-2022.12.7.tar.gz", hash = "sha256:35824b4c3a97115964b408844d64aa14db1cc518f6562e8d7261699d1350a9e3"},
]

[[package]]
name = "charset-normalizer"
version = "2.1.1"
description = "The Real First Universal Charset Detector. Open, modern and actively maintained alternative to Chardet."
optional = false
python-versions = ">=3.6.0"
files = [
    {file = "charset-normalizer-2.1.1.tar.gz", hash = "sha256:5a3d016c7c547f69d6f81fb0db9449ce888b418b5b9952cc5e6e66843e9dd845"},
    {file = "charset_normalizer-2.1.1-py3-none-any.whl", hash = "sha256:83e9a75d1911279afd89352c68b45348559d1fc0506b054b346651b5e7fee29f"},
]

[package.extras]
unicode-backport = ["unicodedata2"]

[[package]]
name = "colorama"
version = "0.4.5"
description = "Cross-platform colored terminal text."
optional = false
python-versions = ">=2.7, !=3.0.*, !=3.1.*, !=3.2.*, !=3.3.*, !=3.4.*"
files = [
    {file = "colorama-0.4.5-py2.py3-none-any.whl", hash = "sha256:854bf444933e37f5824ae7bfc1e98d5bce2ebe4160d46b5edf346a89358e99da"},
    {file = "colorama-0.4.5.tar.gz", hash = "sha256:e6c6b4334fc50988a639d9b98aa429a0b57da6e17b9a44f0451f930b6967b7a4"},
]

[[package]]
name = "idna"
version = "3.4"
description = "Internationalized Domain Names in Applications (IDNA)"
optional = false
python-versions = ">=3.5"
files = [
    {file = "idna-3.4-py3-none-any.whl", hash = "sha256:90b77e79eaa3eba6de819a0c442c0b4ceefc341a7a2ab77d7562bf49f425c5c2"},
    {file = "idna-3.4.tar.gz", hash = "sha256:814f528e8dead7d329833b91c5faa87d60bf71824cd12a7530b5526063d02cb4"},
]

[[package]]
name = "loguru"
version = "0.6.0"
description = "Python logging made (stupidly) simple"
optional = false
python-versions = ">=3.5"
files = [
    {file = "loguru-0.6.0-py3-none-any.whl", hash = "sha256:4e2414d534a2ab57573365b3e6d0234dfb1d84b68b7f3b948e6fb743860a77c3"},
    {file = "loguru-0.6.0.tar.gz", hash = "sha256:066bd06758d0a513e9836fd9c6b5a75bfb3fd36841f4b996bc60b547a309d41c"},
]

[package.dependencies]
colorama = {version = ">=0.3.4", markers = "sys_platform == \"win32\""}
win32-setctime = {version = ">=1.0.0", markers = "sys_platform == \"win32\""}

[package.extras]
dev = ["Sphinx (>=4.1.1)", "black (>=19.10b0)", "colorama (>=0.3.4)", "docutils (==0.16)", "flake8 (>=3.7.7)", "isort (>=5.1.1)", "pytest (>=4.6.2)", "pytest-cov (>=2.7.1)", "sphinx-autobuild (>=0.7.1)", "sphinx-rtd-theme (>=0.4.3)", "tox (>=3.9.0)"]

[[package]]
name = "lol-voice"
version = "1.0.3"
description = "通过解析英雄联盟游戏内WAD、BNK、WPK、BIN等文件来提取音频文件，并可以按照触发事件分类"
optional = false
python-versions = ">=3.8"
files = [
    {file = "lol-voice-1.0.3.tar.gz", hash = "sha256:a899bcbfddfe2dc8b11553574870c4ce170f9c223926568d69dc465f1b7bde30"},
    {file = "lol_voice-1.0.3-py3-none-any.whl", hash = "sha256:b333c69bb046328a9c050d2beda712243d7a8ada9b32f74e9d9f1528b273c7da"},
]

[package.dependencies]
loguru = ">=0.6.0,<0.7.0"
xxhash = ">=3.0.0,<4.0.0"
zstd = ">=1.5.2.5,<2.0.0.0"

[[package]]
name = "requests"
version = "2.28.1"
description = "Python HTTP for Humans."
optional = false
python-versions = ">=3.7, <4"
files = [
    {file = "requests-2.28.1-py3-none-any.whl", hash = "sha256:8fefa2a1a1365bf5520aac41836fbee479da67864514bdb821f31ce07ce65349"},
    {file = "requests-2.28.1.tar.gz", hash = "sha256:7c5599b102feddaa661c826c56ab4fee28bfd17f5abca1ebbe3e7f19d7c97983"},
]

[package.dependencies]
certifi = ">=2017.4.17"
charset-normalizer = ">=2,<3"
idna = ">=2.5,<4"
urllib3 = ">=1.21.1,<1.27"

[package.extras]
socks = ["PySocks (>=1.5.6,!=1.5.7)"]
use-chardet-on-py3 = ["chardet (>=3.0.2,<6)"]

[[package]]
name = "urllib3"
version = "1.26.12"
description = "HTTP library with thread-safe connection pooling, file post, and more."
optional = false
python-versions = ">=2.7, !=3.0.*, !=3.1.*, !=3.2.*, !=3.3.*, !=3.4.*, !=3.5.*, <4"
files = [
    {file = "urllib3-1.26.12-py2.py3-none-any.whl", hash = "sha256:b930dd878d5a8afb066a637fbb35144fe7901e3b209d1cd4f524bd0e9deee997"},
    {file = "urllib3-1.26.12.tar.gz", hash = "sha256:3fa96cf423e6987997fc326ae8df396db2a8b7c667747d47ddd8ecba91f4a74e"},
]

[package.extras]
brotli = ["brotli (>=1.0.9)", "brotlicffi (>=0.8.0)", "brotlipy (>=0.6.0)"]
secure = ["certifi", "cryptography (>=1.3.4)", "idna (>=2.0.0)", "ipaddress", "pyOpenSSL (>=0.14)", "urllib3-secure-extra"]
socks = ["PySocks (>=1.5.6,!=1.5.7,<2.0)"]

[[package]]
name = "win32-setctime"
version = "1.1.0"
description = "A small Python utility to set file creation time on Windows"
optional = false
python-versions = ">=3.5"
files = [
    {file = "win32_setctime-1.1.0-py3-none-any.whl", hash = "sha256:231db239e959c2fe7eb1d7dc129f11172354f98361c4fa2d6d2d7e278baa8aad"},
    {file = "win32_setctime-1.1.0.tar.gz", hash = "sha256:15cf5750465118d6929ae4de4eb46e8edae9a5634350c01ba582df868e932cb2"},
]

[package.extras]
dev = ["black (>=19.3b0)", "pytest (>=4.6.2)"]

[[package]]
name = "xxhash"
version = "3.0.0"
description = "Python binding for xxHash"
optional = false
python-versions = ">=3.6"
files = [
    {file = "xxhash-3.0.0-cp310-cp310-macosx_10_9_x86_64.whl", hash = "sha256:219cba13991fd73cf21a5efdafa5056f0ae0b8f79e5e0112967e3058daf73eea"},
    {file = "xxhash-3.0.0-cp310-cp310-macosx_11_0_arm64.whl", hash = "sha256:3fcbb846af15eff100c412ae54f4974ff277c92eacd41f1ec7803a64fd07fa0c"},
    {file = "xxhash-3.0.0-cp310-cp310-manylinux_2_17_aarch64.manylinux2014_aarch64.whl", hash = "sha256:5f475fa817ff7955fc118fc1ca29a6e691d329b7ff43f486af36c22dbdcff1db"},
    {file = "xxhash-3.0.0-cp310-cp310-manylinux_2_17_ppc64le.manylinux2014_ppc64le.whl", hash = "sha256:9200a90f02ff6fd5fb63dea107842da71d8626d99b768fd31be44f3002c60bbe"},
    {file = "xxhash-3.0.0-cp310-cp310-manylinux_2_17_s390x.manylinux2014_s390x.whl", hash = "sha256:a1403e4f551c9ef7bcef09af55f1adb169f13e4de253db0887928e5129f87af1"},
    {file = "xxhash-3.0.0-cp310-cp310-manylinux_2_17_x86_64.manylinux2014_x86_64.whl", hash = "sha256:fa7f6ca53170189a2268c83af0980e6c10aae69e6a5efa7ca989f89fff9f8c02"},
    {file = "xxhash-3.0.0-cp310-cp310-manylinux_2_5_i686.manylinux1_i686.manylinux_2_17_i686.manylinux2014_i686.whl", hash = "sha256:5b63fbeb6d9c93d50ae0dc2b8a8b7f52f2de19e40fe9edc86637bfa5743b8ba2"},
    {file = "xxhash-3.0.0-cp310-cp310-win32.whl", hash = "sha256:31f25efd10b6f1f6d5c34cd231986d8aae9a42e042daa90b783917f170807869"},
    {file = "xxhash-3.0.0-cp310-cp310-win_amd64.whl", hash = "sha256:807e88ed56e0fb347cb57d5bf44851f9878360fed700f2f63e622ef4eede87a5"},
    {file = "xxhash-3.0.0-cp36-cp36m-macosx_10_9_x86_64.whl", hash = "sha256:6d612c55a75d84d25898f6c5ad6a589aa556d1cb9af770b6c574ee62995167f6"},
    {file = "xxhash-3.0.0-cp36-cp36m-manylinux_2_17_aarch64.manylinux2014_aarch64.whl", hash = "sha256:6f9309fcaf73f93df3101f03a61dc30644adff3e8d0044fff8c0c195dbbe63e2"},
    {file = "xxhash-3.0.0-cp36-cp36m-manylinux_2_17_ppc64le.manylinux2014_ppc64le.whl", hash = "sha256:a2273fe40720e86346a17f06ef95cd60ee0d66ffce7cf55e390ef7350112b16d"},
    {file = "xxhash-3.0.0-cp36-cp36m-manylinux_2_17_s390x.manylinux2014_s390x.whl", hash = "sha256:fc6f3a334587c83c5ba56c19b254a97542ce1fc05ccfd66fbf568e6117718d65"},
    {file = "xxhash-3.0.0-cp36-cp36m-manylinux_2_17_x86_64.manylinux2014_x86_64.whl", hash = "sha256:36cf410da5bfcca51ac3c2c51a3317dcd7af91f70fa61eca57fba39554f06ae3"},
    {file = "xxhash-3.0.0-cp36-cp36m-manylinux_2_5_i686.manylinux1_i686.manylinux_2_17_i686.manylinux2014_i686.whl", hash = "sha256:21752a3e9a2391d91bd51f4aa2fe028ae14ba6a8d37db9ebe00ccac10be5ac4a"},
    {file = "xxhash-3.0.0-cp36-cp36m-win32.whl", hash = "sha256:322068a063ef156455a401ab720f0892f2d2dd1540c1a308e95a7cbf356df51c"},
    {file = "xxhash-3.0.0-cp36-cp36m-win_amd64.whl", hash = "sha256:2984fa9a880587c0bfa46d32717b2d209863ee68727ea0fc17f05fce25efa692"},
    {file = "xxhash-3.0.0-cp37-cp37m-macosx_10_9_x86_64.whl", hash = "sha256:6493dd938b360235da81b1c79d8cd048c4f11977e1159b4e744c54f98d3a7bb4"},
    {file = "xxhash-3.0.0-cp37-cp37m-manylinux_2_17_aarch64.manylinux2014_aarch64.whl", hash = "sha256:fb9eca32f9b4acc7149db2c86f8108167b9929b7da1887d4287a90cfdb3ea53a"},
    {file = "xxhash-3.0.0-cp37-cp37m-manylinux_2_17_ppc64le.manylinux2014_ppc64le.whl", hash = "sha256:f4125e70e4e1d79992d81de837a0586aa0241665dbc5ce01b9c89330ed5cbb66"},
    {file = "xxhash-3.0.0-cp37-cp37m-manylinux_2_17_s390x.manylinux2014_s390x.whl", hash = "sha256:583bea142569485bdb0c5900e804058c16edba1850b74519688c22bc546e6175"},
    {file = "xxhash-3.0.0-cp37-cp37m-manylinux_2_17_x86_64.manylinux2014_x86_64.whl", hash = "sha256:4f3adf2891acc18abacd15113e9cbbefd30e5f4ecaae32c23e5486fc09c76ea5"},
    {file = "xxhash-3.0.0-cp37-cp37m-manylinux_2_5_i686.manylinux1_i686.manylinux_2_17_i686.manylinux2014_i686.whl", hash = "sha256:ed65a2671d380ae05262ce1e4ccc2b63f3c30506d207bf6fae8cd72be0ad65d4"},
    {file = "xxhash-3.0.0-cp37-cp37m-win32.whl", hash = "sha256:c604b3dcac9d37e3fceaa11884927024953260cc4224d9b89400d16e6cf34021"},
    {file = "xxhash-3.0.0-cp37-cp37m-win_amd64.whl", hash = "sha256:1c6fc59e182506496544bc6d426bcf6077066ed1b40cfcd937f707cc06c7ef50"},
    {file = "xxhash-3.0.0-cp38-cp38-macosx_10_9_x86_64.whl", hash = "sha256:5628375dbb76d33b93b44854a6c5433e2a78115e03ea2ae1bb74a34ab012a43f"},
    {file = "xxhash-3.0.0-cp38-cp38-macosx_11_0_arm64.whl", hash = "sha256:687aa4373690f23a3f43cc23d81005304d284ff6c041bff1f967664ab6410f36"},
    {file = "xxhash-3.0.0-cp38-cp38-manylinux_2_17_aarch64.manylinux2014_aarch64.whl", hash = "sha256:9fa2100fb68b163e99370561c9e29ed37b9153fe99443600bea28829150eb0e4"},
    {file = "xxhash-3.0.0-cp38-cp38-manylinux_2_17_ppc64le.manylinux2014_ppc64le.whl", hash = "sha256:891d7651431a055f76fe2c8f86c593c3dede8ec5b10ca55e8ff5c9fdceb55f0b"},
    {file = "xxhash-3.0.0-cp38-cp38-manylinux_2_17_s390x.manylinux2014_s390x.whl", hash = "sha256:197c32d7b62be02957ca31aa69febadf9c5a34ef953053ea16e2c72465bc450f"},
    {file = "xxhash-3.0.0-cp38-cp38-manylinux_2_17_x86_64.manylinux2014_x86_64.whl", hash = "sha256:91fa4df41bda3cbec4084d9696028780b47128c1f8450d1ad9c3e4b6bf8b1f99"},
    {file = "xxhash-3.0.0-cp38-cp38-manylinux_2_5_i686.manylinux1_i686.manylinux_2_17_i686.manylinux2014_i686.whl", hash = "sha256:4cd38b766fc40e9fe37b80112656d2e5a0cb2f9bc12e01b286353b5ecd2768e8"},
    {file = "xxhash-3.0.0-cp38-cp38-win32.whl", hash = "sha256:4258ef78f5a7d1f9c595846134c7d81a868c74942051453258eb383498662d4d"},
    {file = "xxhash-3.0.0-cp38-cp38-win_amd64.whl", hash = "sha256:b82b1cf4407ad908e04e864473cc3baa8e764c7bbebea959150764cc681a1611"},
    {file = "xxhash-3.0.0-cp39-cp39-macosx_10_9_x86_64.whl", hash = "sha256:da4d91e28418469b29eed8635c08af28b588e51cd04288bed1ba1cf60f2d91f6"},
    {file = "xxhash-3.0.0-cp39-cp39-macosx_11_0_arm64.whl", hash = "sha256:48aab36169b0c00e586cb4eb2814ab8bfed686933126019906f917ff9a78c99e"},
    {file = "xxhash-3.0.0-cp39-cp39-manylinux_2_17_aarch64.manylinux2014_aarch64.whl", hash = "sha256:0b0d522570c9ccea6203b3d96ac7f0cfc1d29e613640475d513be432545c48cc"},
    {file = "xxhash-3.0.0-cp39-cp39-manylinux_2_17_ppc64le.manylinux2014_ppc64le.whl", hash = "sha256:d6054434ddb060685e86e7457f52d188b0886834baaa532f9f78b4f2b53cfd9b"},
    {file = "xxhash-3.0.0-cp39-cp39-manylinux_2_17_s390x.manylinux2014_s390x.whl", hash = "sha256:cbf546ca5f5903ceeb46d9e6abf81f3a64edb95bb7dbe0f75283eec93a7eb2a0"},
    {file = "xxhash-3.0.0-cp39-cp39-manylinux_2_17_x86_64.manylinux2014_x86_64.whl", hash = "sha256:22704f23f23ccbe892cee3e7568c67f07ac25beaa2d1cff183274005d9d39149"},
    {file = "xxhash-3.0.0-cp39-cp39-manylinux_2_5_i686.manylinux1_i686.manylinux_2_17_i686.manylinux2014_i686.whl", hash = "sha256:83198e223bcc4b2418b5282ac930e444738c2a33859dee4e570b25c8433d83a2"},
    {file = "xxhash-3.0.0-cp39-cp39-win32.whl", hash = "sha256:3bcd4cd9b22293ea1c08822518fbb6d933c2960d66662d468a1945a45cace194"},
    {file = "xxhash-3.0.0-cp39-cp39-win_amd64.whl", hash = "sha256:f5dd4c37da3408d56ae942dc103f4ae3b43510daa4f5accd0a411fc6e914f10a"},
    {file = "xxhash-3.0.0-pp37-pypy37_pp73-macosx_10_9_x86_64.whl", hash = "sha256:485f172abc03f78afd4f38dbdbb5665f59c5487126fa4c3181c6582cda4de03b"},
    {file = "xxhash-3.0.0-pp37-pypy37_pp73-manylinux_2_17_aarch64.manylinux2014_aarch64.whl", hash = "sha256:035248b3d7ab6deb7b247278494d293b9faccfa853078319d25e2926f566b2f8"},
    {file = "xxhash-3.0.0-pp37-pypy37_pp73-manylinux_2_17_x86_64.manylinux2014_x86_64.whl", hash = "sha256:b30ae90c0cfd10ffe852c6b0f263253782eea74a8189d5f2440f6595c1e8047e"},
    {file = "xxhash-3.0.0-pp37-pypy37_pp73-manylinux_2_5_i686.manylinux1_i686.manylinux_2_17_i686.manylinux2014_i686.whl", hash = "sha256:8fd203d8a3c013e679722047ef4f061f690c6cff49380622444bca4c30f3bf23"},
    {file = "xxhash-3.0.0-pp37-pypy37_pp73-win_amd64.whl", hash = "sha256:6d60059aaef12a01c0cc24f1d7aaaab7933ae9f4b7adfd9ebbd37dc7ceac1745"},
    {file = "xxhash-3.0.0-pp38-pypy38_pp73-macosx_10_9_x86_64.whl", hash = "sha256:676c97bf7cc298b65eec0368c2cb5611d87a8e876930843311ca728f69292752"},
    {file = "xxhash-3.0.0-pp38-pypy38_pp73-manylinux_2_17_aarch64.manylinux2014_aarch64.whl", hash = "sha256:2245c6e20e96e3f8fdfb61ad6bc5cde6ce8a1c2b93aa4a32a27bba7ab3aeaf12"},
    {file = "xxhash-3.0.0-pp38-pypy38_pp73-manylinux_2_17_x86_64.manylinux2014_x86_64.whl", hash = "sha256:2ae926a52d020085a2d7f69d0e2155cbf819ae409f2e5dbb345dd40a6462de32"},
    {file = "xxhash-3.0.0-pp38-pypy38_pp73-manylinux_2_5_i686.manylinux1_i686.manylinux_2_17_i686.manylinux2014_i686.whl", hash = "sha256:0a2efdcb811be3edc520b78364c11a1e54f5d8e5db895a9ff2bcdd4a7ffa36a5"},
    {file = "xxhash-3.0.0-pp38-pypy38_pp73-win_amd64.whl", hash = "sha256:885b3a851980056707ab99a2c19c35dfe2c2ba5f602066dbfcd8af45ea855760"},
    {file = "xxhash-3.0.0.tar.gz", hash = "sha256:30b2d97aaf11fb122023f6b44ebb97c6955e9e00d7461a96415ca030b5ceb9c7"},
]

[[package]]
name = "zstd"
version = "1.5.4.0"
description = "ZSTD Bindings for Python"
optional = false
python-versions = "*"
files = [
    {file = "zstd-1.5.4.0-cp27-cp27m-macosx_10_14_x86_64.whl", hash = "sha256:6902297ebf990ac57b35ae7eca8872987a4b0545555a6345facfa2b8a9df7313"},
    {file = "zstd-1.5.4.0-cp27-cp27m-manylinux1_i686.whl", hash = "sha256:0519919de7a1ed3361ceeb65fd94bc71ac2dbb2b55ca9a67803182017d868ea8"},
    {file = "zstd-1.5.4.0-cp27-cp27m-manylinux1_x86_64.whl", hash = "sha256:f40eab94f4a5b2df6370f95b969468a4316055aa29578f1614ac22e189ee8df5"},
    {file = "zstd-1.5.4.0-cp27-cp27mu-manylinux1_i686.whl", hash = "sha256:a0c0ed69c6b4e6343da5f6c4a0452eaea0c5428a0a15d34dab25a8cb13febe43"},
    {file = "zstd-1.5.4.0-cp27-cp27mu-manylinux1_x86_64.whl", hash = "sha256:45cbc783746e5bc331d3dff58dd0737f1a00a4a62b9d25468e0ba1dc28a66ac3"},
    {file = "zstd-1.5.4.0-cp310-cp310-macosx_10_14_x86_64.whl", hash = "sha256:2897b1d213e1277e090a403b8e842ec1b24a0040e193dd47385469e413a14760"},
    {file = "zstd-1.5.4.0-cp310-cp310-macosx_11_0_arm64.whl", hash = "sha256:569abec92fc1933fe514f713c438da1be04937dc5fc2b40a538eb940b3ecf92b"},
    {file = "zstd-1.5.4.0-cp310-cp310-manylinux_2_17_aarch64.manylinux2014_aarch64.whl", hash = "sha256:57492bac3822b15081e5c737db1c973f9cd850ffd47d6f49349230a697de1404"},
    {file = "zstd-1.5.4.0-cp310-cp310-manylinux_2_17_x86_64.manylinux2014_x86_64.whl", hash = "sha256:3eaa3aec30d4e0ab349674951299298984058b0236672419a6b5f207b4c38b03"},
    {file = "zstd-1.5.4.0-cp310-cp310-manylinux_2_5_i686.manylinux1_i686.manylinux_2_17_i686.manylinux2014_i686.whl", hash = "sha256:0c9bebd088a6900cb1fad30a5ad53468f7fe2450b7e1d4a7f96c0d18aa1e8f97"},
    {file = "zstd-1.5.4.0-cp310-cp310-musllinux_1_1_aarch64.whl", hash = "sha256:d9fa33a171f051080142f05747b7fde6998fb7be4ff3eb35afbeb2d56ceab1ea"},
    {file = "zstd-1.5.4.0-cp310-cp310-musllinux_1_1_i686.whl", hash = "sha256:fab1b76e2f7c849ec4ee7fe3affe1843bfc42c16d735aec1d89b6eb99e70d756"},
    {file = "zstd-1.5.4.0-cp310-cp310-musllinux_1_1_x86_64.whl", hash = "sha256:d4c727fa81166e9267d58d09b51d60cbd28434f8c1509df8529e38596dbf4694"},
    {file = "zstd-1.5.4.0-cp310-cp310-win32.whl", hash = "sha256:4b441859e6af0a93531080d9bc41f3df75ff41a6c6e40ce44bfbbfeecf379b25"},
    {file = "zstd-1.5.4.0-cp310-cp310-win_amd64.whl", hash = "sha256:07c4d4e67019093867076f02e981b273a9798a1da33592f2a8c23085e819e297"},
    {file = "zstd-1.5.4.0-cp311-cp311-macosx_10_14_x86_64.whl", hash = "sha256:1bd16f1a3a2670800dbab7c1cebb8f1975bf75c408f6b0b6c323e907fc808a14"},
    {file = "zstd-1.5.4.0-cp311-cp311-macosx_11_0_arm64.whl", hash = "sha256:c83947a130420f1fc472ac4fa01b84a649ae2d09e9698fcd54a62da3caef57dd"},
    {file = "zstd-1.5.4.0-cp311-cp311-manylinux_2_17_aarch64.manylinux2014_aarch64.whl", hash = "sha256:2d193377fbab98fd34dfa121b8d3df81c7a7fc52c9bb41918a18ec2b32430e83"},
    {file = "zstd-1.5.4.0-cp311-cp311-manylinux_2_17_x86_64.manylinux2014_x86_64.whl", hash = "sha256:28196838211ddcd750de1c8658cf7d81964eb640815aea64ad170895e5084046"},
    {file = "zstd-1.5.4.0-cp311-cp311-manylinux_2_5_i686.manylinux1_i686.manylinux_2_17_i686.manylinux2014_i686.whl", hash = "sha256:6b6d53766956845d171c79006af3d8a9bcc16bfa86e08312e6803c19096b61aa"},
    {file = "zstd-1.5.4.0-cp311-cp311-musllinux_1_1_aarch64.whl", hash = "sha256:a179933162216862eb20a066fb678b0d583d628053982c75a11c2f1bdbda2890"},
    {file = "zstd-1.5.4.0-cp311-cp311-musllinux_1_1_i686.whl", hash = "sha256:b1a6d2327e7c1f0a266b4a8ef4d419e3847442cbfef3c7c8a7b05ca5ed64d38b"},
    {file = "zstd-1.5.4.0-cp311-cp311-musllinux_1_1_x86_64.whl", hash = "sha256:a21ef2f92e5c75e6bbc08925ecb5b54000242614c6af6661610518e2bf890b59"},
    {file = "zstd-1.5.4.0-cp311-cp311-win32.whl", hash = "sha256:05c237e7730c4dd598ae2e7d43bdc4b8efeeeeb5a00fa1dfc654456abd535e5f"},
    {file = "zstd-1.5.4.0-cp311-cp311-win_amd64.whl", hash = "sha256:f638cc7680bfecc88b205f71afc684dcea2234b82f3018da2976c47524969db4"},
    {file = "zstd-1.5.4.0-cp35-cp35m-macosx_10_14_x86_64.whl", hash = "sha256:d0a9830ac6d58498164a9ccc18f9ff7c57b8d49e6a5fa7cfc8adf5618f2fb09c"},
    {file = "zstd-1.5.4.0-cp35-cp35m-manylinux1_i686.whl", hash = "sha256:e4a9409465f519560d85767660440cb80dcd549beaa07197101b5b9708bc8984"},
    {file = "zstd-1.5.4.0-cp35-cp35m-manylinux1_x86_64.whl", hash = "sha256:198fd0cf3753207e68c10e685b06dadb7da8c0f3638393e767ef455a2e2e743d"},
    {file = "zstd-1.5.4.0-cp35-cp35m-win32.whl", hash = "sha256:ca3328be307ad722594c3703636be3fd9537ffa963a9912c8acfe85521fe2b74"},
    {file = "zstd-1.5.4.0-cp35-cp35m-win_amd64.whl", hash = "sha256:b3e6a8160733be4090e314a76dc04e5abba7947aec16450fb207ca1d0ef0fa6f"},
    {file = "zstd-1.5.4.0-cp36-cp36m-macosx_10_14_x86_64.whl", hash = "sha256:1157c18a83d06253a1cfd138bf1c8a528e6353f216b6c6e23c0af071b407b6a8"},
    {file = "zstd-1.5.4.0-cp36-cp36m-manylinux1_i686.whl", hash = "sha256:01c130343973e6da0dd2d03238e1df86fc29646f7791b36acc5b0c4c1beac1d5"},
    {file = "zstd-1.5.4.0-cp36-cp36m-manylinux1_x86_64.whl", hash = "sha256:73b0f331bc83608275a1de820a7fbaeadfd0ec9f00e33fc43d334f6be8626d0c"},
    {file = "zstd-1.5.4.0-cp36-cp36m-win32.whl", hash = "sha256:0d9e802cfcb9dfe19cf949caf4d407af0fd1d0fd06f0750a1c9db1be9aef41eb"},
    {file = "zstd-1.5.4.0-cp36-cp36m-win_amd64.whl", hash = "sha256:194ec0d9fa33d4879ee349784f682c357979f92ccaaf289317674aaad487658c"},
    {file = "zstd-1.5.4.0-cp37-cp37m-macosx_10_14_x86_64.whl", hash = "sha256:4d9bf114fb8ff95c68c4dc2b49a9ac34238d735bc02014d86f930158149da394"},
    {file = "zstd-1.5.4.0-cp37-cp37m-manylinux_2_17_aarch64.manylinux2014_aarch64.whl", hash = "sha256:3a81a717b0cca5e46414736475a00ba60cba295647e8a1b8e93b2188322268f2"},
    {file = "zstd-1.5.4.0-cp37-cp37m-manylinux_2_17_x86_64.manylinux2014_x86_64.whl", hash = "sha256:7c49fef1e7502fdc49b6d0e5ee01ec04710bfa77e75f562bb50ec3ecaa5f1399"},
    {file = "zstd-1.5.4.0-cp37-cp37m-manylinux_2_5_i686.manylinux1_i686.manylinux_2_17_i686.manylinux2014_i686.whl", hash = "sha256:1cbf120ab3a6eeacac148d57cc1dc1e2a20ed1c5d0f5ad44dabd7350738c6631"},
    {file = "zstd-1.5.4.0-cp37-cp37m-musllinux_1_1_aarch64.whl", hash = "sha256:4e7bb3794de21f0b92b1107ba0d09d778f172de1c3e64d20dc2b177ce06a7245"},
    {file = "zstd-1.5.4.0-cp37-cp37m-musllinux_1_1_i686.whl", hash = "sha256:552a43cc1b6d2ba769d305af2c7f9f37df81a07f12e9807aa825abcb11ebc303"},
    {file = "zstd-1.5.4.0-cp37-cp37m-musllinux_1_1_x86_64.whl", hash = "sha256:d9a8a2e3de8568b508feadba3ac539902ede02fce2c77ce15080fb810522774b"},
    {file = "zstd-1.5.4.0-cp37-cp37m-win32.whl", hash = "sha256:4e7b48df65bd7d12d386806a58f14a22fdb4eaf994aee17fbaff4e4142a1a4a8"},
    {file = "zstd-1.5.4.0-cp37-cp37m-win_amd64.whl", hash = "sha256:36e791b9d59801cf32555f5c776b0142f6dfb7976db2e61387b024fe2e726a78"},
    {file = "zstd-1.5.4.0-cp38-cp38-macosx_10_14_x86_64.whl", hash = "sha256:0f1898d446f20468af7e6ee844d4fb3c69ff2ac230d439659278fc12fd7ebc1a"},
    {file = "zstd-1.5.4.0-cp38-cp38-macosx_11_0_arm64.whl", hash = "sha256:6b1edc4e6c8fb1745b4100e685a550b600981931148cf67a7f510c9a67a70a76"},
    {file = "zstd-1.5.4.0-cp38-cp38-manylinux_2_17_aarch64.manylinux2014_aarch64.whl", hash = "sha256:20fe132ef421988d3a65f635caf727b1d48d226fbaaaa825b1efc40750049f5c"},
    {file = "zstd-1.5.4.0-cp38-cp38-manylinux_2_17_x86_64.manylinux2014_x86_64.whl", hash = "sha256:d1fc5ded6fb78095a62fde388c3b3765fe58bb5ea8aaa0471a5b8eef425dbf49"},
    {file = "zstd-1.5.4.0-cp38-cp38-manylinux_2_5_i686.manylinux1_i686.manylinux_2_17_i686.manylinux2014_i686.whl", hash = "sha256:d9ffededb5b91e13f8fe97738606cd4ca4f3cd3cf5a7c4de2582979df9cd4fe7"},
    {file = "zstd-1.5.4.0-cp38-cp38-musllinux_1_1_aarch64.whl", hash = "sha256:cb1c6eadac83d8aeb4fc2fd611f7f9570d0a5dc43e8828f3505190391d251d07"},
    {file = "zstd-1.5.4.0-cp38-cp38-musllinux_1_1_i686.whl", hash = "sha256:18c3e96060a48523acef42cef3a6d2f844abaa335cdcf99154d26afe1e4bccef"},
    {file = "zstd-1.5.4.0-cp38-cp38-musllinux_1_1_x86_64.whl", hash = "sha256:f16c47fd8198f0c16995e8528e42264553f6a48b9cab65f8693c35439f363c42"},
    {file = "zstd-1.5.4.0-cp38-cp38-win32.whl", hash = "sha256:73ae15ea47c2d4ae32dba0295a34e2e54c53af48cccd0e992653823abb53fcea"},
    {file = "zstd-1.5.4.0-cp38-cp38-win_amd64.whl", hash = "sha256:28ca657d827956333109a583961df732d2510e323aab072825769ad51bf57725"},
    {file = "zstd-1.5.4.0-cp39-cp39-macosx_10_14_x86_64.whl", hash = "sha256:868598d8eab6b5c936da0865954894394ceca2d1235ba4468af14bf7b21158c9"},
    {file = "zstd-1.5.4.0-cp39-cp39-macosx_11_0_arm64.whl", hash = "sha256:ce1f722cb4a423d7cdaa5ac69e5ace570f0c5d897ef8827197eac28d7d7674d8"},
    {file = "zstd-1.5.4.0-cp39-cp39-manylinux_2_17_aarch64.manylinux2014_aarch64.whl", hash = "sha256:38a7efcf45d7de4f57c92c7746b64b02ce4fd135626c6a5b0c924a6fa3d0d5a4"},
    {file = "zstd-1.5.4.0-cp39-cp39-manylinux_2_17_x86_64.manylinux2014_x86_64.whl", hash = "sha256:774057568c85ad1ddb0bc2f988986ffd21cefd22f4e540a4c3972338c1c001ce"},
    {file = "zstd-1.5.4.0-cp39-cp39-manylinux_2_5_i686.manylinux1_i686.manylinux_2_17_i686.manylinux2014_i686.whl", hash = "sha256:30ebcc972c3e0b75cefc4edd1919847f5d348a129a22af9b48dba1e281005c1a"},
    {file = "zstd-1.5.4.0-cp39-cp39-musllinux_1_1_aarch64.whl", hash = "sha256:c707679829ca057fa9d5dca658502524f77f10ac19706491d8c22445869f25b2"},
    {file = "zstd-1.5.4.0-cp39-cp39-musllinux_1_1_i686.whl", hash = "sha256:81bcca5588df6563b98e973774d24ebb59e54b52a8b0c6b2f03667543e4a5bed"},
    {file = "zstd-1.5.4.0-cp39-cp39-musllinux_1_1_x86_64.whl", hash = "sha256:83e137503a794d7bde68f6e81d27339e86b7495e3b90254259c99526e8a3d2ac"},
    {file = "zstd-1.5.4.0-cp39-cp39-win32.whl", hash = "sha256:c39197447d37274038c80d64521f25338b1ee399c80f847a8f014279b6b1ef5f"},
    {file = "zstd-1.5.4.0-cp39-cp39-win_amd64.whl", hash = "sha256:deea883cb086cdb860ef2b04e39ce42566df8a04846d047aef146568f9759bd6"},
    {file = "zstd-1.5.4.0-pp27-pypy_73-macosx_10_14_x86_64.whl", hash = "sha256:4bcff887574d5f957fa7448cf58df60805504aff1e4c9a858975ff60cabc9cd2"},
    {file = "zstd-1.5.4.0-pp27-pypy_73-manylinux1_x86_64.whl", hash = "sha256:b18905d5ed7d842ce2f69ee8d6e59935db5407f6eb0e4aa4344f181b677f8169"},
    {file = "zstd-1.5.4.0-pp27-pypy_73-manylinux2010_x86_64.whl", hash = "sha256:71c2d9de9945341b1a94d171032e851069980ccbfc7518373748a1d910f01c74"},
    {file = "zstd-1.5.4.0-pp36-pypy36_pp73-macosx_10_14_x86_64.whl", hash = "sha256:aa361ca872d861b16f023f3e67785a702cfbd889df6ad0d8aa76d2e0c066136c"},
    {file = "zstd-1.5.4.0-pp36-pypy36_pp73-manylinux1_x86_64.whl", hash = "sha256:cd2b5dc349be52405bf0217cc9d4c81e511152c3e297d53f3e0147a88f77b8b3"},
    {file = "zstd-1.5.4.0-pp36-pypy36_pp73-manylinux2010_x86_64.whl", hash = "sha256:059ccfe3bea557c40d4b91b3eda544ea2560503e512dd9c9dd440d4651073c6b"},
    {file = "zstd-1.5.4.0-pp36-pypy36_pp73-win32.whl", hash = "sha256:604c9d25dfd0ee8e1c79bfe6806b1470d2a9d10432eb152175b4b2fcd0ec7d84"},
    {file = "zstd-1.5.4.0-pp37-pypy37_pp73-macosx_10_14_x86_64.whl", hash = "sha256:e413e705e4d6fb76bc6fdecebc174a9cc1640b71594fffd06eccf9d237e2a16c"},
    {file = "zstd-1.5.4.0-pp37-pypy37_pp73-manylinux_2_17_aarch64.manylinux2014_aarch64.whl", hash = "sha256:529daec468f8c437fd1971c0e505e0a0bf8980c5544c49471e5060399bad1991"},
    {file = "zstd-1.5.4.0-pp37-pypy37_pp73-manylinux_2_17_x86_64.manylinux2014_x86_64.whl", hash = "sha256:d1fd34c9cfbd4010a194c409eb66d2e1be5441cc4e5666b6125ea37e40f13a6a"},
    {file = "zstd-1.5.4.0-pp37-pypy37_pp73-manylinux_2_5_i686.manylinux1_i686.manylinux_2_17_i686.manylinux2014_i686.whl", hash = "sha256:b6c3c169e307108673b3cbe96b19ff4aacc85d62afa79fcf8bfefc6ea39ce9dc"},
    {file = "zstd-1.5.4.0-pp37-pypy37_pp73-win_amd64.whl", hash = "sha256:c75aa7c218c6e5eaa6a9a8a2645540148da993043c835f72114eba6adb0f0129"},
    {file = "zstd-1.5.4.0-pp38-pypy38_pp73-macosx_10_14_x86_64.whl", hash = "sha256:4a4ae8a464b38471c0ecc543061983b26d05bf45221753dfaf24240e5e3ccecd"},
    {file = "zstd-1.5.4.0-pp38-pypy38_pp73-manylinux_2_17_aarch64.manylinux2014_aarch64.whl", hash = "sha256:8421e7a2dfec8dc7a74bbe5456acd0cb8ff7149d34ce20a864ec8540861f30e9"},
    {file = "zstd-1.5.4.0-pp38-pypy38_pp73-manylinux_2_17_x86_64.manylinux2014_x86_64.whl", hash = "sha256:c1faec80c962a0f5715220430b346f5d14240dbfe44d557fae160869c491ee6a"},
    {file = "zstd-1.5.4.0-pp38-pypy38_pp73-manylinux_2_5_i686.manylinux1_i686.manylinux_2_17_i686.manylinux2014_i686.whl", hash = "sha256:475b56a307ae69b3e87b595a4bb6098cb3c1aee49c4f0f06073aa24814ef8753"},
    {file = "zstd-1.5.4.0-pp38-pypy38_pp73-win_amd64.whl", hash = "sha256:34c8fe1a39308023678e8d0546a17200f204dbefbc726c2489a0854d1ac3daf1"},
    {file = "zstd-1.5.4.0-pp39-pypy39_pp73-macosx_10_14_x86_64.whl", hash = "sha256:ff6fc22d80fcee8887cc27a1f9d0229b187bfd466ee02ea134177544320472d8"},
    {file = "zstd-1.5.4.0-pp39-pypy39_pp73-manylinux_2_17_aarch64.manylinux2014_aarch64.whl", hash = "sha256:eb6714d69e90e5920f3d49ceb0393e55805cd7dc59ffc6a4a433457f354dd8cf"},
    {file = "zstd-1.5.4.0-pp39-pypy39_pp73-manylinux_2_17_x86_64.manylinux2014_x86_64.whl", hash = "sha256:41f779b27fc5948ec4aa21e845dc0eba811a405b975db2023e87024ffaa97fe4"},
    {file = "zstd-1.5.4.0-pp39-pypy39_pp73-manylinux_2_5_i686.manylinux1_i686.manylinux_2_17_i686.manylinux2014_i686.whl", hash = "sha256:af67d55c9afdbd852cf2967e72b979af195d826cd2c571f374009057497ec1fe"},
    {file = "zstd-1.5.4.0-pp39-pypy39_pp73-win_amd64.whl", hash = "sha256:8df6d3c0fc5ea83bfbacd7f7bbc81652e6bc42c5c154c8c76e019a289dbfb04a"},
    {file = "zstd-1.5.4.0.tar.gz", hash = "sha256:a0d11df70a978529341b576e69a4f0b2a23e746686e24f9b90260a33ce49042d"},
]

[metadata]
lock-version = "2.0"
python-versions = "^3.10"
content-hash = "1a0042366fe8528002a93d20fed7921e6d95ecbdb6a3299a5af589b415b226e0"
