[[package]]
name = "certifi"
version = "2022.6.15"
description = "Python package for providing Mozilla's CA Bundle."
category = "main"
optional = false
python-versions = ">=3.6"

[[package]]
name = "charset-normalizer"
version = "2.1.0"
description = "The Real First Universal Charset Detector. Open, modern and actively maintained alternative to Chardet."
category = "main"
optional = false
python-versions = ">=3.6.0"

[package.extras]
unicode_backport = ["unicodedata2"]

[[package]]
name = "idna"
version = "3.3"
description = "Internationalized Domain Names in Applications (IDNA)"
category = "main"
optional = false
python-versions = ">=3.5"

[[package]]
name = "lol-voice"
version = "1.0.0a9"
description = "通过解析英雄联盟游戏内WAD、BNK、WPK、BIN文件来提取语音并可以按照触发事件排序"
category = "main"
optional = false
python-versions = ">=3.8"

[package.dependencies]
xxhash = "*"
zstd = "*"

[[package]]
name = "requests"
version = "2.28.1"
description = "Python HTTP for Humans."
category = "main"
optional = false
python-versions = ">=3.7, <4"

[package.dependencies]
certifi = ">=2017.4.17"
charset-normalizer = ">=2,<3"
idna = ">=2.5,<4"
urllib3 = ">=1.21.1,<1.27"

[package.extras]
socks = ["PySocks (>=1.5.6,!=1.5.7)"]
use_chardet_on_py3 = ["chardet (>=3.0.2,<6)"]

[[package]]
name = "urllib3"
version = "1.26.11"
description = "HTTP library with thread-safe connection pooling, file post, and more."
category = "main"
optional = false
python-versions = ">=2.7, !=3.0.*, !=3.1.*, !=3.2.*, !=3.3.*, !=3.4.*, !=3.5.*, <4"

[package.extras]
brotli = ["brotlicffi (>=0.8.0)", "brotli (>=1.0.9)", "brotlipy (>=0.6.0)"]
secure = ["pyOpenSSL (>=0.14)", "cryptography (>=1.3.4)", "idna (>=2.0.0)", "certifi", "ipaddress"]
socks = ["PySocks (>=1.5.6,!=1.5.7,<2.0)"]

[[package]]
name = "xxhash"
version = "3.0.0"
description = "Python binding for xxHash"
category = "main"
optional = false
python-versions = ">=3.6"

[[package]]
name = "zstd"
version = "1.5.2.5"
description = "ZSTD Bindings for Python"
category = "main"
optional = false
python-versions = "*"

[metadata]
lock-version = "1.1"
python-versions = "^3.10"
content-hash = "b80182535cc3645b06bba89c3fcb1253fa845d8fcc61ceb68f9f015b452892bd"

[metadata.files]
certifi = [
    {file = "certifi-2022.6.15-py3-none-any.whl", hash = "sha256:fe86415d55e84719d75f8b69414f6438ac3547d2078ab91b67e779ef69378412"},
    {file = "certifi-2022.6.15.tar.gz", hash = "sha256:84c85a9078b11105f04f3036a9482ae10e4621616db313fe045dd24743a0820d"},
]
charset-normalizer = [
    {file = "charset-normalizer-2.1.0.tar.gz", hash = "sha256:575e708016ff3a5e3681541cb9d79312c416835686d054a23accb873b254f413"},
    {file = "charset_normalizer-2.1.0-py3-none-any.whl", hash = "sha256:5189b6f22b01957427f35b6a08d9a0bc45b46d3788ef5a92e978433c7a35f8a5"},
]
idna = [
    {file = "idna-3.3-py3-none-any.whl", hash = "sha256:84d9dd047ffa80596e0f246e2eab0b391788b0503584e8945f2368256d2735ff"},
    {file = "idna-3.3.tar.gz", hash = "sha256:9d643ff0a55b762d5cdb124b8eaa99c66322e2157b69160bc32796e824360e6d"},
]
lol-voice = [
    {file = "lol-voice-1.0.0a9.tar.gz", hash = "sha256:25ba19d175e4f4a0e3100e98b838b4d47ca6a03667f5b99b5ea30006b2f5553a"},
    {file = "lol_voice-1.0.0a9-py2.py3-none-any.whl", hash = "sha256:0879383d676bf3d8af913e16994c258d1c7b47eab2255de747ab310c99883c3d"},
]
requests = [
    {file = "requests-2.28.1-py3-none-any.whl", hash = "sha256:8fefa2a1a1365bf5520aac41836fbee479da67864514bdb821f31ce07ce65349"},
    {file = "requests-2.28.1.tar.gz", hash = "sha256:7c5599b102feddaa661c826c56ab4fee28bfd17f5abca1ebbe3e7f19d7c97983"},
]
urllib3 = [
    {file = "urllib3-1.26.11-py2.py3-none-any.whl", hash = "sha256:c33ccba33c819596124764c23a97d25f32b28433ba0dedeb77d873a38722c9bc"},
    {file = "urllib3-1.26.11.tar.gz", hash = "sha256:ea6e8fb210b19d950fab93b60c9009226c63a28808bc8386e05301e25883ac0a"},
]
xxhash = [
    {file = "xxhash-3.0.0-cp310-cp310-macosx_10_9_x86_64.whl", hash = "sha256:219cba13991fd73cf21a5efdafa5056f0ae0b8f79e5e0112967e3058daf73eea"},
    {file = "xxhash-3.0.0-cp310-cp310-macosx_11_0_arm64.whl", hash = "sha256:3fcbb846af15eff100c412ae54f4974ff277c92eacd41f1ec7803a64fd07fa0c"},
    {file = "xxhash-3.0.0-cp310-cp310-manylinux_2_17_aarch64.manylinux2014_aarch64.whl", hash = "sha256:5f475fa817ff7955fc118fc1ca29a6e691d329b7ff43f486af36c22dbdcff1db"},
    {file = "xxhash-3.0.0-cp310-cp310-manylinux_2_17_ppc64le.manylinux2014_ppc64le.whl", hash = "sha256:9200a90f02ff6fd5fb63dea107842da71d8626d99b768fd31be44f3002c60bbe"},
    {file = "xxhash-3.0.0-cp310-cp310-manylinux_2_17_s390x.manylinux2014_s390x.whl", hash = "sha256:a1403e4f551c9ef7bcef09af55f1adb169f13e4de253db0887928e5129f87af1"},
    {file = "xxhash-3.0.0-cp310-cp310-manylinux_2_17_x86_64.manylinux2014_x86_64.whl", hash = "sha256:fa7f6ca53170189a2268c83af0980e6c10aae69e6a5efa7ca989f89fff9f8c02"},
    {file = "xxhash-3.0.0-cp310-cp310-manylinux_2_5_i686.manylinux1_i686.manylinux_2_17_i686.manylinux2014_i686.whl", hash = "sha256:5b63fbeb6d9c93d50ae0dc2b8a8b7f52f2de19e40fe9edc86637bfa5743b8ba2"},
    {file = "xxhash-3.0.0-cp310-cp310-win32.whl", hash = "sha256:31f25efd10b6f1f6d5c34cd231986d8aae9a42e042daa90b783917f170807869"},
    {file = "xxhash-3.0.0-cp310-cp310-win_amd64.whl", hash = "sha256:807e88ed56e0fb347cb57d5bf44851f9878360fed700f2f63e622ef4eede87a5"},
    {file = "xxhash-3.0.0-cp36-cp36m-macosx_10_9_x86_64.whl", hash = "sha256:6d612c55a75d84d25898f6c5ad6a589aa556d1cb9af770b6c574ee62995167f6"},
    {file = "xxhash-3.0.0-cp36-cp36m-manylinux_2_17_aarch64.manylinux2014_aarch64.whl", hash = "sha256:6f9309fcaf73f93df3101f03a61dc30644adff3e8d0044fff8c0c195dbbe63e2"},
    {file = "xxhash-3.0.0-cp36-cp36m-manylinux_2_17_ppc64le.manylinux2014_ppc64le.whl", hash = "sha256:a2273fe40720e86346a17f06ef95cd60ee0d66ffce7cf55e390ef7350112b16d"},
    {file = "xxhash-3.0.0-cp36-cp36m-manylinux_2_17_s390x.manylinux2014_s390x.whl", hash = "sha256:fc6f3a334587c83c5ba56c19b254a97542ce1fc05ccfd66fbf568e6117718d65"},
    {file = "xxhash-3.0.0-cp36-cp36m-manylinux_2_17_x86_64.manylinux2014_x86_64.whl", hash = "sha256:36cf410da5bfcca51ac3c2c51a3317dcd7af91f70fa61eca57fba39554f06ae3"},
    {file = "xxhash-3.0.0-cp36-cp36m-manylinux_2_5_i686.manylinux1_i686.manylinux_2_17_i686.manylinux2014_i686.whl", hash = "sha256:21752a3e9a2391d91bd51f4aa2fe028ae14ba6a8d37db9ebe00ccac10be5ac4a"},
    {file = "xxhash-3.0.0-cp36-cp36m-win32.whl", hash = "sha256:322068a063ef156455a401ab720f0892f2d2dd1540c1a308e95a7cbf356df51c"},
    {file = "xxhash-3.0.0-cp36-cp36m-win_amd64.whl", hash = "sha256:2984fa9a880587c0bfa46d32717b2d209863ee68727ea0fc17f05fce25efa692"},
    {file = "xxhash-3.0.0-cp37-cp37m-macosx_10_9_x86_64.whl", hash = "sha256:6493dd938b360235da81b1c79d8cd048c4f11977e1159b4e744c54f98d3a7bb4"},
    {file = "xxhash-3.0.0-cp37-cp37m-manylinux_2_17_aarch64.manylinux2014_aarch64.whl", hash = "sha256:fb9eca32f9b4acc7149db2c86f8108167b9929b7da1887d4287a90cfdb3ea53a"},
    {file = "xxhash-3.0.0-cp37-cp37m-manylinux_2_17_ppc64le.manylinux2014_ppc64le.whl", hash = "sha256:f4125e70e4e1d79992d81de837a0586aa0241665dbc5ce01b9c89330ed5cbb66"},
    {file = "xxhash-3.0.0-cp37-cp37m-manylinux_2_17_s390x.manylinux2014_s390x.whl", hash = "sha256:583bea142569485bdb0c5900e804058c16edba1850b74519688c22bc546e6175"},
    {file = "xxhash-3.0.0-cp37-cp37m-manylinux_2_17_x86_64.manylinux2014_x86_64.whl", hash = "sha256:4f3adf2891acc18abacd15113e9cbbefd30e5f4ecaae32c23e5486fc09c76ea5"},
    {file = "xxhash-3.0.0-cp37-cp37m-manylinux_2_5_i686.manylinux1_i686.manylinux_2_17_i686.manylinux2014_i686.whl", hash = "sha256:ed65a2671d380ae05262ce1e4ccc2b63f3c30506d207bf6fae8cd72be0ad65d4"},
    {file = "xxhash-3.0.0-cp37-cp37m-win32.whl", hash = "sha256:c604b3dcac9d37e3fceaa11884927024953260cc4224d9b89400d16e6cf34021"},
    {file = "xxhash-3.0.0-cp37-cp37m-win_amd64.whl", hash = "sha256:1c6fc59e182506496544bc6d426bcf6077066ed1b40cfcd937f707cc06c7ef50"},
    {file = "xxhash-3.0.0-cp38-cp38-macosx_10_9_x86_64.whl", hash = "sha256:5628375dbb76d33b93b44854a6c5433e2a78115e03ea2ae1bb74a34ab012a43f"},
    {file = "xxhash-3.0.0-cp38-cp38-macosx_11_0_arm64.whl", hash = "sha256:687aa4373690f23a3f43cc23d81005304d284ff6c041bff1f967664ab6410f36"},
    {file = "xxhash-3.0.0-cp38-cp38-manylinux_2_17_aarch64.manylinux2014_aarch64.whl", hash = "sha256:9fa2100fb68b163e99370561c9e29ed37b9153fe99443600bea28829150eb0e4"},
    {file = "xxhash-3.0.0-cp38-cp38-manylinux_2_17_ppc64le.manylinux2014_ppc64le.whl", hash = "sha256:891d7651431a055f76fe2c8f86c593c3dede8ec5b10ca55e8ff5c9fdceb55f0b"},
    {file = "xxhash-3.0.0-cp38-cp38-manylinux_2_17_s390x.manylinux2014_s390x.whl", hash = "sha256:197c32d7b62be02957ca31aa69febadf9c5a34ef953053ea16e2c72465bc450f"},
    {file = "xxhash-3.0.0-cp38-cp38-manylinux_2_17_x86_64.manylinux2014_x86_64.whl", hash = "sha256:91fa4df41bda3cbec4084d9696028780b47128c1f8450d1ad9c3e4b6bf8b1f99"},
    {file = "xxhash-3.0.0-cp38-cp38-manylinux_2_5_i686.manylinux1_i686.manylinux_2_17_i686.manylinux2014_i686.whl", hash = "sha256:4cd38b766fc40e9fe37b80112656d2e5a0cb2f9bc12e01b286353b5ecd2768e8"},
    {file = "xxhash-3.0.0-cp38-cp38-win32.whl", hash = "sha256:4258ef78f5a7d1f9c595846134c7d81a868c74942051453258eb383498662d4d"},
    {file = "xxhash-3.0.0-cp38-cp38-win_amd64.whl", hash = "sha256:b82b1cf4407ad908e04e864473cc3baa8e764c7bbebea959150764cc681a1611"},
    {file = "xxhash-3.0.0-cp39-cp39-macosx_10_9_x86_64.whl", hash = "sha256:da4d91e28418469b29eed8635c08af28b588e51cd04288bed1ba1cf60f2d91f6"},
    {file = "xxhash-3.0.0-cp39-cp39-macosx_11_0_arm64.whl", hash = "sha256:48aab36169b0c00e586cb4eb2814ab8bfed686933126019906f917ff9a78c99e"},
    {file = "xxhash-3.0.0-cp39-cp39-manylinux_2_17_aarch64.manylinux2014_aarch64.whl", hash = "sha256:0b0d522570c9ccea6203b3d96ac7f0cfc1d29e613640475d513be432545c48cc"},
    {file = "xxhash-3.0.0-cp39-cp39-manylinux_2_17_ppc64le.manylinux2014_ppc64le.whl", hash = "sha256:d6054434ddb060685e86e7457f52d188b0886834baaa532f9f78b4f2b53cfd9b"},
    {file = "xxhash-3.0.0-cp39-cp39-manylinux_2_17_s390x.manylinux2014_s390x.whl", hash = "sha256:cbf546ca5f5903ceeb46d9e6abf81f3a64edb95bb7dbe0f75283eec93a7eb2a0"},
    {file = "xxhash-3.0.0-cp39-cp39-manylinux_2_17_x86_64.manylinux2014_x86_64.whl", hash = "sha256:22704f23f23ccbe892cee3e7568c67f07ac25beaa2d1cff183274005d9d39149"},
    {file = "xxhash-3.0.0-cp39-cp39-manylinux_2_5_i686.manylinux1_i686.manylinux_2_17_i686.manylinux2014_i686.whl", hash = "sha256:83198e223bcc4b2418b5282ac930e444738c2a33859dee4e570b25c8433d83a2"},
    {file = "xxhash-3.0.0-cp39-cp39-win32.whl", hash = "sha256:3bcd4cd9b22293ea1c08822518fbb6d933c2960d66662d468a1945a45cace194"},
    {file = "xxhash-3.0.0-cp39-cp39-win_amd64.whl", hash = "sha256:f5dd4c37da3408d56ae942dc103f4ae3b43510daa4f5accd0a411fc6e914f10a"},
    {file = "xxhash-3.0.0-pp37-pypy37_pp73-macosx_10_9_x86_64.whl", hash = "sha256:485f172abc03f78afd4f38dbdbb5665f59c5487126fa4c3181c6582cda4de03b"},
    {file = "xxhash-3.0.0-pp37-pypy37_pp73-manylinux_2_17_aarch64.manylinux2014_aarch64.whl", hash = "sha256:035248b3d7ab6deb7b247278494d293b9faccfa853078319d25e2926f566b2f8"},
    {file = "xxhash-3.0.0-pp37-pypy37_pp73-manylinux_2_17_x86_64.manylinux2014_x86_64.whl", hash = "sha256:b30ae90c0cfd10ffe852c6b0f263253782eea74a8189d5f2440f6595c1e8047e"},
    {file = "xxhash-3.0.0-pp37-pypy37_pp73-manylinux_2_5_i686.manylinux1_i686.manylinux_2_17_i686.manylinux2014_i686.whl", hash = "sha256:8fd203d8a3c013e679722047ef4f061f690c6cff49380622444bca4c30f3bf23"},
    {file = "xxhash-3.0.0-pp37-pypy37_pp73-win_amd64.whl", hash = "sha256:6d60059aaef12a01c0cc24f1d7aaaab7933ae9f4b7adfd9ebbd37dc7ceac1745"},
    {file = "xxhash-3.0.0-pp38-pypy38_pp73-macosx_10_9_x86_64.whl", hash = "sha256:676c97bf7cc298b65eec0368c2cb5611d87a8e876930843311ca728f69292752"},
    {file = "xxhash-3.0.0-pp38-pypy38_pp73-manylinux_2_17_aarch64.manylinux2014_aarch64.whl", hash = "sha256:2245c6e20e96e3f8fdfb61ad6bc5cde6ce8a1c2b93aa4a32a27bba7ab3aeaf12"},
    {file = "xxhash-3.0.0-pp38-pypy38_pp73-manylinux_2_17_x86_64.manylinux2014_x86_64.whl", hash = "sha256:2ae926a52d020085a2d7f69d0e2155cbf819ae409f2e5dbb345dd40a6462de32"},
    {file = "xxhash-3.0.0-pp38-pypy38_pp73-manylinux_2_5_i686.manylinux1_i686.manylinux_2_17_i686.manylinux2014_i686.whl", hash = "sha256:0a2efdcb811be3edc520b78364c11a1e54f5d8e5db895a9ff2bcdd4a7ffa36a5"},
    {file = "xxhash-3.0.0-pp38-pypy38_pp73-win_amd64.whl", hash = "sha256:885b3a851980056707ab99a2c19c35dfe2c2ba5f602066dbfcd8af45ea855760"},
    {file = "xxhash-3.0.0.tar.gz", hash = "sha256:30b2d97aaf11fb122023f6b44ebb97c6955e9e00d7461a96415ca030b5ceb9c7"},
]
zstd = [
    {file = "zstd-1.5.2.5-cp27-cp27m-macosx_10_15_x86_64.whl", hash = "sha256:6de940c43a74613542df47ab0aa38bbcb694e32a838ade2900a6436040f692a1"},
    {file = "zstd-1.5.2.5-cp27-cp27m-manylinux1_i686.whl", hash = "sha256:76b41f63f6112fb779b30e1712e3103a62280622bf3540edb1b108ee617bfc20"},
    {file = "zstd-1.5.2.5-cp27-cp27m-manylinux1_x86_64.whl", hash = "sha256:9c836caca292d8653c2bb71eaefcda5aa5c87de0e2a748111e6861d4f79011f1"},
    {file = "zstd-1.5.2.5-cp27-cp27mu-manylinux1_i686.whl", hash = "sha256:0fde23ead8df6ca5317f61cc999c9afbba202922504cf7094dab023803bf1ede"},
    {file = "zstd-1.5.2.5-cp27-cp27mu-manylinux1_x86_64.whl", hash = "sha256:04ec06e4949eddf7240f0d30bca2b4c14732f8b4c74e876f298b401dc26c5f35"},
    {file = "zstd-1.5.2.5-cp310-cp310-macosx_10_15_x86_64.whl", hash = "sha256:7a835427e83ee1af7005c046d993c07deb29f4ff58ae721fe5238016032ec835"},
    {file = "zstd-1.5.2.5-cp310-cp310-macosx_11_0_arm64.whl", hash = "sha256:84855323a748109300596a2aa97c023d7b0a32186451b6865288d108dc55d883"},
    {file = "zstd-1.5.2.5-cp310-cp310-manylinux_2_17_aarch64.manylinux2014_aarch64.whl", hash = "sha256:92d1854bdb11bd739fa1a4a379d6e737c004cdfd5d1a27fa76c6d8e399a4010e"},
    {file = "zstd-1.5.2.5-cp310-cp310-manylinux_2_17_x86_64.manylinux2014_x86_64.whl", hash = "sha256:8022460ca4eed52af844c287fd47a19a474fee0cc7df92406e61db4eb7e6724f"},
    {file = "zstd-1.5.2.5-cp310-cp310-manylinux_2_5_i686.manylinux1_i686.manylinux_2_17_i686.manylinux2014_i686.whl", hash = "sha256:3caf35282177731ba7d2813d9abae7d2a2b02dd0b0db07051c4cd1b1847c9a74"},
    {file = "zstd-1.5.2.5-cp310-cp310-musllinux_1_1_aarch64.whl", hash = "sha256:19a46f6c6a628df9c0e0b5880d137207c58198484e2d9263bad1df6ed88be62e"},
    {file = "zstd-1.5.2.5-cp310-cp310-musllinux_1_1_i686.whl", hash = "sha256:619a8b113534f84426212a808b686004f72e4e3253e528ca53bdb4e9d9d7edea"},
    {file = "zstd-1.5.2.5-cp310-cp310-musllinux_1_1_x86_64.whl", hash = "sha256:9b3b4a138b92845a8d75d46917e6643870da72adbe35f6f8aa0200601325af12"},
    {file = "zstd-1.5.2.5-cp310-cp310-win32.whl", hash = "sha256:ff467c245831a570092505c9e20a0332c1638b25f135a500c51bfeb871b36c30"},
    {file = "zstd-1.5.2.5-cp310-cp310-win_amd64.whl", hash = "sha256:38e218dd8d6ef1b0a3ae138dd04ed6b0ba947a2b9f28099e0327a2ed5d3bb5dc"},
    {file = "zstd-1.5.2.5-cp35-cp35m-macosx_10_15_x86_64.whl", hash = "sha256:0b7cc9341028bf921ab51bc1e2ea2603162d921f1573828092ffbb0d7824c473"},
    {file = "zstd-1.5.2.5-cp35-cp35m-manylinux1_i686.whl", hash = "sha256:61a53d68f1dde379de8fafc729f4908a68fd3942df6a62ce83cd1666af2f23a3"},
    {file = "zstd-1.5.2.5-cp35-cp35m-manylinux1_x86_64.whl", hash = "sha256:307a230d92c6add7754bfe74a617cf0a7ae748b92c2cd73d3c624b16a175b159"},
    {file = "zstd-1.5.2.5-cp35-cp35m-win32.whl", hash = "sha256:81686220f82b9fe164afcbca684958d12cf7c6d4a7b9e795c74069d62a2e3c61"},
    {file = "zstd-1.5.2.5-cp35-cp35m-win_amd64.whl", hash = "sha256:4e236ca99fbdf3d4431df6aed924e67611cc09dd1b442eb7251c77a127ab3521"},
    {file = "zstd-1.5.2.5-cp36-cp36m-macosx_10_15_x86_64.whl", hash = "sha256:d84d760db5f0ca8ca7f1325317d6377112ee6bc759f3fa8eaa9e89552cfb2ebc"},
    {file = "zstd-1.5.2.5-cp36-cp36m-manylinux1_i686.whl", hash = "sha256:e8f3e667bbe1d9d41bc0f442f6f769eef81bdfdc37ad919d99ac322512a68cb5"},
    {file = "zstd-1.5.2.5-cp36-cp36m-manylinux1_x86_64.whl", hash = "sha256:f43136348157ab35514c7f1be2e8381f98e3ad39542fd946b445aa70b32ffeed"},
    {file = "zstd-1.5.2.5-cp36-cp36m-win32.whl", hash = "sha256:3091a834532adf4a847a317de9a35b241996b65d1d5c5160e3dbb3f6ab3041ab"},
    {file = "zstd-1.5.2.5-cp36-cp36m-win_amd64.whl", hash = "sha256:1232a874ff35afb1914b7aac39437dd0cfa174336c5b00b749ac1bc076036e55"},
    {file = "zstd-1.5.2.5-cp37-cp37m-macosx_10_15_x86_64.whl", hash = "sha256:f26c9af1959cdc8ffb75f2146f3605accd4c0dcd295f73dd2bae26053841ec7c"},
    {file = "zstd-1.5.2.5-cp37-cp37m-manylinux_2_17_aarch64.manylinux2014_aarch64.whl", hash = "sha256:fa5f0e5f33bd35b5fc1ef70237d72fce388128a78be9728f687508589d414d05"},
    {file = "zstd-1.5.2.5-cp37-cp37m-manylinux_2_17_x86_64.manylinux2014_x86_64.whl", hash = "sha256:b36f0f6e052ac5de880db659ce325a6dfe92ad51492f0e38e3799d9ffa3c6225"},
    {file = "zstd-1.5.2.5-cp37-cp37m-manylinux_2_5_i686.manylinux1_i686.manylinux_2_17_i686.manylinux2014_i686.whl", hash = "sha256:b4eb4ad8c31a46434c319d2e6d6528c459415bea46a1d7640f76544225023508"},
    {file = "zstd-1.5.2.5-cp37-cp37m-musllinux_1_1_aarch64.whl", hash = "sha256:174fcd01ffe0368b50b214dc0400791e8585e4c5cc8afdbf9ea5625a2751871d"},
    {file = "zstd-1.5.2.5-cp37-cp37m-musllinux_1_1_i686.whl", hash = "sha256:c9d41add9883b132992e257dc36714d835218ccd476e806914a5f32b09dce9dd"},
    {file = "zstd-1.5.2.5-cp37-cp37m-musllinux_1_1_x86_64.whl", hash = "sha256:cd292671fb87d8e0720876bbaa5e752870d46daaab3ffca8d954f7ba68e0e763"},
    {file = "zstd-1.5.2.5-cp37-cp37m-win32.whl", hash = "sha256:8e9f6504f71f1db0a29597a1e22f36270d40b7b7bc3398cf89c5412487fe92b3"},
    {file = "zstd-1.5.2.5-cp37-cp37m-win_amd64.whl", hash = "sha256:b9f0eb8ae99b7c309c2da9ff426c70162f1fdd44b6502c6410ab9a926da055d2"},
    {file = "zstd-1.5.2.5-cp38-cp38-macosx_10_15_x86_64.whl", hash = "sha256:40027b3a910ba850c5f12b3267d393a445e587b49f145cbad529d7bf3476a5d9"},
    {file = "zstd-1.5.2.5-cp38-cp38-macosx_11_0_arm64.whl", hash = "sha256:5b1d5fb99eded553f5603c34bbc806aa43ed5ed0fc7b15643a2e27cee7033afe"},
    {file = "zstd-1.5.2.5-cp38-cp38-manylinux_2_17_aarch64.manylinux2014_aarch64.whl", hash = "sha256:ebd8beff80347222c174d2e08e36c595d269c61c1e618a4918bfeb74e0169576"},
    {file = "zstd-1.5.2.5-cp38-cp38-manylinux_2_17_x86_64.manylinux2014_x86_64.whl", hash = "sha256:49c0dc1c00152fe7c95ccb4e278e8cf5b01f8c2f69da7b64db29505e581ade52"},
    {file = "zstd-1.5.2.5-cp38-cp38-manylinux_2_5_i686.manylinux1_i686.manylinux_2_17_i686.manylinux2014_i686.whl", hash = "sha256:97e8cc8a0887589ac3aa23ef71070552854887d4797411e52f84ff76304f0124"},
    {file = "zstd-1.5.2.5-cp38-cp38-musllinux_1_1_aarch64.whl", hash = "sha256:dc632c13fa405cbe68dc7bd4f0b85ce168c9ebe75cffdf2a8b62e66be63c77ae"},
    {file = "zstd-1.5.2.5-cp38-cp38-musllinux_1_1_i686.whl", hash = "sha256:6e3399d46cda079501792159a0698f3adc489633d187a0b831edf58833063df0"},
    {file = "zstd-1.5.2.5-cp38-cp38-musllinux_1_1_x86_64.whl", hash = "sha256:6a78ae17a10d8e3d140be0baa4ee4f0c1bc32bd452637ccebcf44837b1093643"},
    {file = "zstd-1.5.2.5-cp38-cp38-win32.whl", hash = "sha256:68a1a76fa0d638149dd873920a1747f30fb2eedc90676505b6d2bd9f0a1324c7"},
    {file = "zstd-1.5.2.5-cp38-cp38-win_amd64.whl", hash = "sha256:1d58cbb316a8ef81a99301898e97fb62759db02e9972fba071326312db0bad63"},
    {file = "zstd-1.5.2.5-cp39-cp39-macosx_10_15_x86_64.whl", hash = "sha256:b187450218a46d2a462e079abec734fff81d125ff0716e9bac3566a165264128"},
    {file = "zstd-1.5.2.5-cp39-cp39-macosx_11_0_arm64.whl", hash = "sha256:6c1b22f42540acc5ccbd166bef7132a08e539b68c81a50663db62e833545f13a"},
    {file = "zstd-1.5.2.5-cp39-cp39-manylinux_2_17_aarch64.manylinux2014_aarch64.whl", hash = "sha256:5668dd83e9f4a48254922491f4b414d066677d6e83049f4e1b5900d6e97c10e3"},
    {file = "zstd-1.5.2.5-cp39-cp39-manylinux_2_17_x86_64.manylinux2014_x86_64.whl", hash = "sha256:ec625b6ae0cce4d8ce6979f77e54df4e775315d5441072827f8a9efe95053930"},
    {file = "zstd-1.5.2.5-cp39-cp39-manylinux_2_5_i686.manylinux1_i686.manylinux_2_17_i686.manylinux2014_i686.whl", hash = "sha256:72a3d013cdaa938bfa53c33b6f29b6a1dcb23729e44b598e2473f51e9e447445"},
    {file = "zstd-1.5.2.5-cp39-cp39-musllinux_1_1_aarch64.whl", hash = "sha256:c08357efea70028495048adf6852c859e7d97a3fb223a1a70579a56d4f8bfdd0"},
    {file = "zstd-1.5.2.5-cp39-cp39-musllinux_1_1_i686.whl", hash = "sha256:ea6a7296ae40cf818d5f876180dc82baf4e947a7d68f62752cf8834bea655cda"},
    {file = "zstd-1.5.2.5-cp39-cp39-musllinux_1_1_x86_64.whl", hash = "sha256:d35e13f16026bca6e1fba578932266f0db95e7852ec4d550ecc072e21797cd9f"},
    {file = "zstd-1.5.2.5-cp39-cp39-win32.whl", hash = "sha256:7f62d6d4462973ae9ec4f7b7bba77fca420534bec21429f2b1f84b9b5121b586"},
    {file = "zstd-1.5.2.5-cp39-cp39-win_amd64.whl", hash = "sha256:56249f0fbf8f3b527780cc185536e67fc452a27c4974a5ad15e93a97993f0416"},
    {file = "zstd-1.5.2.5-pp27-pypy_73-macosx_10_15_x86_64.whl", hash = "sha256:5600b3ef8cf494e5dfa01e159c6e4e0af37a1d396974a9fedd811721b4a9cac3"},
    {file = "zstd-1.5.2.5-pp27-pypy_73-manylinux1_x86_64.whl", hash = "sha256:d8df1500f88d901f04ec173e64a4fb56234333b7536c952d88364262894e6a97"},
    {file = "zstd-1.5.2.5-pp27-pypy_73-manylinux2010_x86_64.whl", hash = "sha256:2735d3a22dce8b6cf7d9df24a7af476fc5378b86fd252e6e5f741ec8f6334ebe"},
    {file = "zstd-1.5.2.5-pp36-pypy36_pp73-macosx_10_15_x86_64.whl", hash = "sha256:3b606f1ee53ba3ff71341eb4eddc7904956fa2a5b5566fea57ab1f691cc44eb0"},
    {file = "zstd-1.5.2.5-pp36-pypy36_pp73-manylinux1_x86_64.whl", hash = "sha256:1aa45b90aef21b5f5b76317be026c992805037f2b81273865739ba7add6627e8"},
    {file = "zstd-1.5.2.5-pp36-pypy36_pp73-manylinux2010_x86_64.whl", hash = "sha256:19f06d8d200bcc28fc266ef4053cb77a1dd662dbd94ae9bcd1a357d189542a21"},
    {file = "zstd-1.5.2.5-pp36-pypy36_pp73-win32.whl", hash = "sha256:cc891fed1d6b6fa7d6c97277d6b2463dfa108f61fdc8ad9e6159b7c840f5d592"},
    {file = "zstd-1.5.2.5-pp37-pypy37_pp73-macosx_10_15_x86_64.whl", hash = "sha256:4bdcac9bf961ff0914745cbef73f9db5a57781771cf6ac82da672415f0ae9fdd"},
    {file = "zstd-1.5.2.5-pp37-pypy37_pp73-manylinux_2_17_aarch64.manylinux2014_aarch64.whl", hash = "sha256:40433361f19e349ef595177eeefd8b9f6119b5e581e46cc5069457110dd2b604"},
    {file = "zstd-1.5.2.5-pp37-pypy37_pp73-manylinux_2_17_x86_64.manylinux2014_x86_64.whl", hash = "sha256:84c755f9fb5fe0e1fd38f9720f19c085d957f82e51c1f629b4e2b9f8b3ff7299"},
    {file = "zstd-1.5.2.5-pp37-pypy37_pp73-manylinux_2_5_i686.manylinux1_i686.manylinux_2_17_i686.manylinux2014_i686.whl", hash = "sha256:3bc8e1d41813b8df2d86dbb77fdf45563858014fbfcac79a30550d474a9c339a"},
    {file = "zstd-1.5.2.5-pp37-pypy37_pp73-win_amd64.whl", hash = "sha256:ec248525b377c02f03590efc9ad07b18a567bfcb8629c5136c172d8a4b9d3782"},
    {file = "zstd-1.5.2.5-pp38-pypy38_pp73-macosx_10_15_x86_64.whl", hash = "sha256:0440339145a624703af10aee2329c357d5ea1040305b60852edefeade4f572d7"},
    {file = "zstd-1.5.2.5-pp38-pypy38_pp73-manylinux_2_17_aarch64.manylinux2014_aarch64.whl", hash = "sha256:299d260c21c5d3ec22d8b46b57ad62613d97d8caf82418f55a042d24fadd03aa"},
    {file = "zstd-1.5.2.5-pp38-pypy38_pp73-manylinux_2_17_x86_64.manylinux2014_x86_64.whl", hash = "sha256:970e841d9a79a6828504bea0d322825ffd3641af9a80a988dc186a15668c5530"},
    {file = "zstd-1.5.2.5-pp38-pypy38_pp73-manylinux_2_5_i686.manylinux1_i686.manylinux_2_17_i686.manylinux2014_i686.whl", hash = "sha256:9a811dc0bc737a99823ad3c993e2c01628323096b2db98d4d88f2da4e6d97fae"},
    {file = "zstd-1.5.2.5-pp38-pypy38_pp73-win_amd64.whl", hash = "sha256:565cbb491544b72e40c7996e752d9c415b3382d112e289d87205ba8cbe6073c7"},
    {file = "zstd-1.5.2.5-pp39-pypy39_pp73-macosx_10_15_x86_64.whl", hash = "sha256:4af294b5a0c636841dbc64a5947109e676a44032db8cc0015530252cea2302b0"},
    {file = "zstd-1.5.2.5-pp39-pypy39_pp73-manylinux_2_17_aarch64.manylinux2014_aarch64.whl", hash = "sha256:c112d368ebf614e319b36cf0c398b4e4d9e6fb585a44d1cb15ec4e7e6e02587d"},
    {file = "zstd-1.5.2.5-pp39-pypy39_pp73-manylinux_2_17_x86_64.manylinux2014_x86_64.whl", hash = "sha256:db839dc7af2dee800f409145d4280e2eac0c50cc361a0e3fc738f5ac51d18490"},
    {file = "zstd-1.5.2.5-pp39-pypy39_pp73-manylinux_2_5_i686.manylinux1_i686.manylinux_2_17_i686.manylinux2014_i686.whl", hash = "sha256:185141ed40980f901487d76d9096d9dca335a0b0d79ca00437f3343deb81687f"},
    {file = "zstd-1.5.2.5-pp39-pypy39_pp73-win_amd64.whl", hash = "sha256:4d5b9397bb63c4eb2a950b1b53a25842975fbe68435bd0b58733ade85fbf0ed8"},
    {file = "zstd-1.5.2.5.tar.gz", hash = "sha256:3c429b166a3b324b0983bff53ae0928b9764c693a017f62ffb6b20e6135e338f"},
]
