# generated by rye
# use `rye lock` or `rye sync` to update this lockfile
#
# last locked with the following flags:
#   pre: false
#   features: []
#   all-features: false
#   with-sources: false
#   generate-hashes: false
#   universal: false

-e file:.
certifi==2024.2.2
    # via requests
charset-normalizer==3.3.2
    # via requests
colorama==0.4.6
    # via loguru
cython==3.0.11
    # via lol-audio-unpack
idna==3.7
    # via requests
league-tools==0.2.3
    # via lol-audio-unpack
loguru==0.7.2
    # via league-tools
python-dotenv==1.0.1
    # via lol-audio-unpack
requests==2.32.3
    # via lol-audio-unpack
urllib3==2.2.1
    # via requests
win32-setctime==1.1.0
    # via loguru
xxhash==3.4.1
    # via league-tools
zstd==1.5.5.1
    # via league-tools
