version = 1
revision = 3
requires-python = ">=3.13"

[[package]]
name = "about-time"
version = "4.2.1"
source = { registry = "https://pypi.org/simple" }
sdist = { url = "https://files.pythonhosted.org/packages/1c/3f/ccb16bdc53ebb81c1bf837c1ee4b5b0b69584fd2e4a802a2a79936691c0a/about-time-4.2.1.tar.gz", hash = "sha256:6a538862d33ce67d997429d14998310e1dbfda6cb7d9bbfbf799c4709847fece", size = 15380, upload-time = "2022-12-21T04:15:54.991Z" }
wheels = [
    { url = "https://files.pythonhosted.org/packages/fb/cd/7ee00d6aa023b1d0551da0da5fee3bc23c3eeea632fbfc5126d1fec52b7e/about_time-4.2.1-py3-none-any.whl", hash = "sha256:8bbf4c75fe13cbd3d72f49a03b02c5c7dca32169b6d49117c257e7eb3eaee341", size = 13295, upload-time = "2022-12-21T04:15:53.613Z" },
]

[[package]]
name = "alive-progress"
version = "3.3.0"
source = { registry = "https://pypi.org/simple" }
dependencies = [
    { name = "about-time" },
    { name = "graphemeu" },
]
sdist = { url = "https://files.pythonhosted.org/packages/9a/26/d43128764a6f8fe1668c4f87aba6b1fe52bea81d05a35c84a70d3c70b6f7/alive-progress-3.3.0.tar.gz", hash = "sha256:457dd2428b48dacd49854022a46448d236a48f1b7277874071c39395307e830c", size = 116281, upload-time = "2025-07-20T02:10:39.07Z" }
wheels = [
    { url = "https://files.pythonhosted.org/packages/26/85/ec72f6c885703d18f3b09769645e950e14c7d0cc0a0e35d94127983f666f/alive_progress-3.3.0-py3-none-any.whl", hash = "sha256:63dd33bb94cde15ad9e5b666dbba8fedf71b72a4935d6fb9a92931e69402c9ff", size = 78403, upload-time = "2025-07-20T02:10:37.318Z" },
]

[[package]]
name = "certifi"
version = "2025.7.14"
source = { registry = "https://pypi.org/simple" }
sdist = { url = "https://files.pythonhosted.org/packages/b3/76/52c535bcebe74590f296d6c77c86dabf761c41980e1347a2422e4aa2ae41/certifi-2025.7.14.tar.gz", hash = "sha256:8ea99dbdfaaf2ba2f9bac77b9249ef62ec5218e7c2b2e903378ed5fccf765995", size = 163981, upload-time = "2025-07-14T03:29:28.449Z" }
wheels = [
    { url = "https://files.pythonhosted.org/packages/4f/52/34c6cf5bb9285074dc3531c437b3919e825d976fde097a7a73f79e726d03/certifi-2025.7.14-py3-none-any.whl", hash = "sha256:6b31f564a415d79ee77df69d757bb49a5bb53bd9f756cbbe24394ffd6fc1f4b2", size = 162722, upload-time = "2025-07-14T03:29:26.863Z" },
]

[[package]]
name = "charset-normalizer"
version = "3.4.2"
source = { registry = "https://pypi.org/simple" }
sdist = { url = "https://files.pythonhosted.org/packages/e4/33/89c2ced2b67d1c2a61c19c6751aa8902d46ce3dacb23600a283619f5a12d/charset_normalizer-3.4.2.tar.gz", hash = "sha256:5baececa9ecba31eff645232d59845c07aa030f0c81ee70184a90d35099a0e63", size = 126367, upload-time = "2025-05-02T08:34:42.01Z" }
wheels = [
    { url = "https://files.pythonhosted.org/packages/ea/12/a93df3366ed32db1d907d7593a94f1fe6293903e3e92967bebd6950ed12c/charset_normalizer-3.4.2-cp313-cp313-macosx_10_13_universal2.whl", hash = "sha256:926ca93accd5d36ccdabd803392ddc3e03e6d4cd1cf17deff3b989ab8e9dbcf0", size = 199622, upload-time = "2025-05-02T08:32:56.363Z" },
    { url = "https://files.pythonhosted.org/packages/04/93/bf204e6f344c39d9937d3c13c8cd5bbfc266472e51fc8c07cb7f64fcd2de/charset_normalizer-3.4.2-cp313-cp313-manylinux_2_17_aarch64.manylinux2014_aarch64.whl", hash = "sha256:eba9904b0f38a143592d9fc0e19e2df0fa2e41c3c3745554761c5f6447eedabf", size = 143435, upload-time = "2025-05-02T08:32:58.551Z" },
    { url = "https://files.pythonhosted.org/packages/22/2a/ea8a2095b0bafa6c5b5a55ffdc2f924455233ee7b91c69b7edfcc9e02284/charset_normalizer-3.4.2-cp313-cp313-manylinux_2_17_ppc64le.manylinux2014_ppc64le.whl", hash = "sha256:3fddb7e2c84ac87ac3a947cb4e66d143ca5863ef48e4a5ecb83bd48619e4634e", size = 153653, upload-time = "2025-05-02T08:33:00.342Z" },
    { url = "https://files.pythonhosted.org/packages/b6/57/1b090ff183d13cef485dfbe272e2fe57622a76694061353c59da52c9a659/charset_normalizer-3.4.2-cp313-cp313-manylinux_2_17_s390x.manylinux2014_s390x.whl", hash = "sha256:98f862da73774290f251b9df8d11161b6cf25b599a66baf087c1ffe340e9bfd1", size = 146231, upload-time = "2025-05-02T08:33:02.081Z" },
    { url = "https://files.pythonhosted.org/packages/e2/28/ffc026b26f441fc67bd21ab7f03b313ab3fe46714a14b516f931abe1a2d8/charset_normalizer-3.4.2-cp313-cp313-manylinux_2_17_x86_64.manylinux2014_x86_64.whl", hash = "sha256:6c9379d65defcab82d07b2a9dfbfc2e95bc8fe0ebb1b176a3190230a3ef0e07c", size = 148243, upload-time = "2025-05-02T08:33:04.063Z" },
    { url = "https://files.pythonhosted.org/packages/c0/0f/9abe9bd191629c33e69e47c6ef45ef99773320e9ad8e9cb08b8ab4a8d4cb/charset_normalizer-3.4.2-cp313-cp313-manylinux_2_5_i686.manylinux1_i686.manylinux_2_17_i686.manylinux2014_i686.whl", hash = "sha256:e635b87f01ebc977342e2697d05b56632f5f879a4f15955dfe8cef2448b51691", size = 150442, upload-time = "2025-05-02T08:33:06.418Z" },
    { url = "https://files.pythonhosted.org/packages/67/7c/a123bbcedca91d5916c056407f89a7f5e8fdfce12ba825d7d6b9954a1a3c/charset_normalizer-3.4.2-cp313-cp313-musllinux_1_2_aarch64.whl", hash = "sha256:1c95a1e2902a8b722868587c0e1184ad5c55631de5afc0eb96bc4b0d738092c0", size = 145147, upload-time = "2025-05-02T08:33:08.183Z" },
    { url = "https://files.pythonhosted.org/packages/ec/fe/1ac556fa4899d967b83e9893788e86b6af4d83e4726511eaaad035e36595/charset_normalizer-3.4.2-cp313-cp313-musllinux_1_2_i686.whl", hash = "sha256:ef8de666d6179b009dce7bcb2ad4c4a779f113f12caf8dc77f0162c29d20490b", size = 153057, upload-time = "2025-05-02T08:33:09.986Z" },
    { url = "https://files.pythonhosted.org/packages/2b/ff/acfc0b0a70b19e3e54febdd5301a98b72fa07635e56f24f60502e954c461/charset_normalizer-3.4.2-cp313-cp313-musllinux_1_2_ppc64le.whl", hash = "sha256:32fc0341d72e0f73f80acb0a2c94216bd704f4f0bce10aedea38f30502b271ff", size = 156454, upload-time = "2025-05-02T08:33:11.814Z" },
    { url = "https://files.pythonhosted.org/packages/92/08/95b458ce9c740d0645feb0e96cea1f5ec946ea9c580a94adfe0b617f3573/charset_normalizer-3.4.2-cp313-cp313-musllinux_1_2_s390x.whl", hash = "sha256:289200a18fa698949d2b39c671c2cc7a24d44096784e76614899a7ccf2574b7b", size = 154174, upload-time = "2025-05-02T08:33:13.707Z" },
    { url = "https://files.pythonhosted.org/packages/78/be/8392efc43487ac051eee6c36d5fbd63032d78f7728cb37aebcc98191f1ff/charset_normalizer-3.4.2-cp313-cp313-musllinux_1_2_x86_64.whl", hash = "sha256:4a476b06fbcf359ad25d34a057b7219281286ae2477cc5ff5e3f70a246971148", size = 149166, upload-time = "2025-05-02T08:33:15.458Z" },
    { url = "https://files.pythonhosted.org/packages/44/96/392abd49b094d30b91d9fbda6a69519e95802250b777841cf3bda8fe136c/charset_normalizer-3.4.2-cp313-cp313-win32.whl", hash = "sha256:aaeeb6a479c7667fbe1099af9617c83aaca22182d6cf8c53966491a0f1b7ffb7", size = 98064, upload-time = "2025-05-02T08:33:17.06Z" },
    { url = "https://files.pythonhosted.org/packages/e9/b0/0200da600134e001d91851ddc797809e2fe0ea72de90e09bec5a2fbdaccb/charset_normalizer-3.4.2-cp313-cp313-win_amd64.whl", hash = "sha256:aa6af9e7d59f9c12b33ae4e9450619cf2488e2bbe9b44030905877f0b2324980", size = 105641, upload-time = "2025-05-02T08:33:18.753Z" },
    { url = "https://files.pythonhosted.org/packages/20/94/c5790835a017658cbfabd07f3bfb549140c3ac458cfc196323996b10095a/charset_normalizer-3.4.2-py3-none-any.whl", hash = "sha256:7f56930ab0abd1c45cd15be65cc741c28b1c9a34876ce8c17a2fa107810c0af0", size = 52626, upload-time = "2025-05-02T08:34:40.053Z" },
]

[[package]]
name = "colorama"
version = "0.4.6"
source = { registry = "https://pypi.org/simple" }
sdist = { url = "https://files.pythonhosted.org/packages/d8/53/6f443c9a4a8358a93a6792e2acffb9d9d5cb0a5cfd8802644b7b1c9a02e4/colorama-0.4.6.tar.gz", hash = "sha256:08695f5cb7ed6e0531a20572697297273c47b8cae5a63ffc6d6ed5c201be6e44", size = 27697, upload-time = "2022-10-25T02:36:22.414Z" }
wheels = [
    { url = "https://files.pythonhosted.org/packages/d1/d6/3965ed04c63042e047cb6a3e6ed1a63a35087b6a609aa3a15ed8ac56c221/colorama-0.4.6-py2.py3-none-any.whl", hash = "sha256:4f1d9991f5acc0ca119f9d443620b77f9d6b33703e51011c16baf57afb285fc6", size = 25335, upload-time = "2022-10-25T02:36:20.889Z" },
]

[[package]]
name = "graphemeu"
version = "0.7.2"
source = { registry = "https://pypi.org/simple" }
sdist = { url = "https://files.pythonhosted.org/packages/76/20/d012f71e7d00e0d5bb25176b9a96c5313d0e30cf947153bfdfa78089f4bb/graphemeu-0.7.2.tar.gz", hash = "sha256:42bbe373d7c146160f286cd5f76b1a8ad29172d7333ce10705c5cc282462a4f8", size = 307626, upload-time = "2025-01-15T09:48:59.488Z" }
wheels = [
    { url = "https://files.pythonhosted.org/packages/69/18/36503ea63e1ecd0a95590d7b6b8b7d227a1e4541a154e1612a231def1bdc/graphemeu-0.7.2-py3-none-any.whl", hash = "sha256:1444520f6899fd30114fc2a39f297d86d10fa0f23bf7579f772f8bc7efaa2542", size = 22670, upload-time = "2025-01-15T09:48:57.241Z" },
]

[[package]]
name = "idna"
version = "3.10"
source = { registry = "https://pypi.org/simple" }
sdist = { url = "https://files.pythonhosted.org/packages/f1/70/7703c29685631f5a7590aa73f1f1d3fa9a380e654b86af429e0934a32f7d/idna-3.10.tar.gz", hash = "sha256:12f65c9b470abda6dc35cf8e63cc574b1c52b11df2c86030af0ac09b01b13ea9", size = 190490, upload-time = "2024-09-15T18:07:39.745Z" }
wheels = [
    { url = "https://files.pythonhosted.org/packages/76/c6/c88e154df9c4e1a2a66ccf0005a88dfb2650c1dffb6f5ce603dfbd452ce3/idna-3.10-py3-none-any.whl", hash = "sha256:946d195a0d259cbba61165e88e65941f16e9b36ea6ddb97f00452bae8b1287d3", size = 70442, upload-time = "2024-09-15T18:07:37.964Z" },
]

[[package]]
name = "league-tools"
version = "1.1.0"
source = { registry = "https://pypi.org/simple" }
dependencies = [
    { name = "loguru" },
    { name = "lxml" },
    { name = "quick-xmltodict" },
    { name = "requests" },
    { name = "xxhash" },
    { name = "zstd" },
]
sdist = { url = "https://files.pythonhosted.org/packages/b5/68/6476605831cddd73a469ee646ca06661465f135c10bb285fe96b020934b7/league_tools-1.1.0.tar.gz", hash = "sha256:0f58691f32d363463d88fbf79db5504885c7ed48f387ead8137bdb11f7ef8025", size = 103411, upload-time = "2025-08-03T08:11:26.132Z" }
wheels = [
    { url = "https://files.pythonhosted.org/packages/f9/ea/ff65f2ddf33344101e14293920701eaaa0cd5a5515634468368d23a08dab/league_tools-1.1.0-py3-none-any.whl", hash = "sha256:10d64ab19511ce69f680b2728ff84c92ad8d39fbaaa2fb9b6505be5cbbf3af43", size = 81859, upload-time = "2025-08-03T08:11:24.445Z" },
]

[[package]]
name = "loguru"
version = "0.7.3"
source = { registry = "https://pypi.org/simple" }
dependencies = [
    { name = "colorama", marker = "sys_platform == 'win32'" },
    { name = "win32-setctime", marker = "sys_platform == 'win32'" },
]
sdist = { url = "https://files.pythonhosted.org/packages/3a/05/a1dae3dffd1116099471c643b8924f5aa6524411dc6c63fdae648c4f1aca/loguru-0.7.3.tar.gz", hash = "sha256:19480589e77d47b8d85b2c827ad95d49bf31b0dcde16593892eb51dd18706eb6", size = 63559, upload-time = "2024-12-06T11:20:56.608Z" }
wheels = [
    { url = "https://files.pythonhosted.org/packages/0c/29/0348de65b8cc732daa3e33e67806420b2ae89bdce2b04af740289c5c6c8c/loguru-0.7.3-py3-none-any.whl", hash = "sha256:31a33c10c8e1e10422bfd431aeb5d351c7cf7fa671e3c4df004162264b28220c", size = 61595, upload-time = "2024-12-06T11:20:54.538Z" },
]

[[package]]
name = "lol-audio-unpack"
version = "3.4.0"
source = { editable = "." }
dependencies = [
    { name = "alive-progress" },
    { name = "league-tools" },
    { name = "msgpack" },
    { name = "python-dotenv" },
    { name = "requests" },
    { name = "ruamel-yaml" },
]

[package.dev-dependencies]
dev = [
    { name = "memory-profiler" },
]

[package.metadata]
requires-dist = [
    { name = "alive-progress", specifier = ">=3.3.0" },
    { name = "league-tools", specifier = ">=1.1.0" },
    { name = "msgpack", specifier = ">=1.1.1" },
    { name = "python-dotenv", specifier = ">=1.0.1" },
    { name = "requests", specifier = ">=2.31.0" },
    { name = "ruamel-yaml", specifier = ">=0.18.14" },
]

[package.metadata.requires-dev]
dev = [{ name = "memory-profiler", specifier = ">=0.61.0" }]

[[package]]
name = "lxml"
version = "6.0.0"
source = { registry = "https://pypi.org/simple" }
sdist = { url = "https://files.pythonhosted.org/packages/c5/ed/60eb6fa2923602fba988d9ca7c5cdbd7cf25faa795162ed538b527a35411/lxml-6.0.0.tar.gz", hash = "sha256:032e65120339d44cdc3efc326c9f660f5f7205f3a535c1fdbf898b29ea01fb72", size = 4096938, upload-time = "2025-06-26T16:28:19.373Z" }
wheels = [
    { url = "https://files.pythonhosted.org/packages/79/21/6e7c060822a3c954ff085e5e1b94b4a25757c06529eac91e550f3f5cd8b8/lxml-6.0.0-cp313-cp313-macosx_10_13_universal2.whl", hash = "sha256:6da7cd4f405fd7db56e51e96bff0865b9853ae70df0e6720624049da76bde2da", size = 8414372, upload-time = "2025-06-26T16:26:39.079Z" },
    { url = "https://files.pythonhosted.org/packages/a4/f6/051b1607a459db670fc3a244fa4f06f101a8adf86cda263d1a56b3a4f9d5/lxml-6.0.0-cp313-cp313-macosx_10_13_x86_64.whl", hash = "sha256:b34339898bb556a2351a1830f88f751679f343eabf9cf05841c95b165152c9e7", size = 4593940, upload-time = "2025-06-26T16:26:41.891Z" },
    { url = "https://files.pythonhosted.org/packages/8e/74/dd595d92a40bda3c687d70d4487b2c7eff93fd63b568acd64fedd2ba00fe/lxml-6.0.0-cp313-cp313-manylinux2010_i686.manylinux2014_i686.manylinux_2_12_i686.manylinux_2_17_i686.whl", hash = "sha256:51a5e4c61a4541bd1cd3ba74766d0c9b6c12d6a1a4964ef60026832aac8e79b3", size = 5214329, upload-time = "2025-06-26T16:26:44.669Z" },
    { url = "https://files.pythonhosted.org/packages/52/46/3572761efc1bd45fcafb44a63b3b0feeb5b3f0066886821e94b0254f9253/lxml-6.0.0-cp313-cp313-manylinux2014_aarch64.manylinux_2_17_aarch64.whl", hash = "sha256:d18a25b19ca7307045581b18b3ec9ead2b1db5ccd8719c291f0cd0a5cec6cb81", size = 4947559, upload-time = "2025-06-28T18:47:31.091Z" },
    { url = "https://files.pythonhosted.org/packages/94/8a/5e40de920e67c4f2eef9151097deb9b52d86c95762d8ee238134aff2125d/lxml-6.0.0-cp313-cp313-manylinux2014_x86_64.manylinux_2_17_x86_64.whl", hash = "sha256:d4f0c66df4386b75d2ab1e20a489f30dc7fd9a06a896d64980541506086be1f1", size = 5102143, upload-time = "2025-06-28T18:47:33.612Z" },
    { url = "https://files.pythonhosted.org/packages/7c/4b/20555bdd75d57945bdabfbc45fdb1a36a1a0ff9eae4653e951b2b79c9209/lxml-6.0.0-cp313-cp313-manylinux_2_27_aarch64.manylinux_2_28_aarch64.whl", hash = "sha256:9f4b481b6cc3a897adb4279216695150bbe7a44c03daba3c894f49d2037e0a24", size = 5021931, upload-time = "2025-06-26T16:26:47.503Z" },
    { url = "https://files.pythonhosted.org/packages/b6/6e/cf03b412f3763d4ca23b25e70c96a74cfece64cec3addf1c4ec639586b13/lxml-6.0.0-cp313-cp313-manylinux_2_27_ppc64le.manylinux_2_28_ppc64le.whl", hash = "sha256:8a78d6c9168f5bcb20971bf3329c2b83078611fbe1f807baadc64afc70523b3a", size = 5645469, upload-time = "2025-07-03T19:19:13.32Z" },
    { url = "https://files.pythonhosted.org/packages/d4/dd/39c8507c16db6031f8c1ddf70ed95dbb0a6d466a40002a3522c128aba472/lxml-6.0.0-cp313-cp313-manylinux_2_27_x86_64.manylinux_2_28_x86_64.whl", hash = "sha256:2ae06fbab4f1bb7db4f7c8ca9897dc8db4447d1a2b9bee78474ad403437bcc29", size = 5247467, upload-time = "2025-06-26T16:26:49.998Z" },
    { url = "https://files.pythonhosted.org/packages/4d/56/732d49def0631ad633844cfb2664563c830173a98d5efd9b172e89a4800d/lxml-6.0.0-cp313-cp313-manylinux_2_31_armv7l.whl", hash = "sha256:1fa377b827ca2023244a06554c6e7dc6828a10aaf74ca41965c5d8a4925aebb4", size = 4720601, upload-time = "2025-06-26T16:26:52.564Z" },
    { url = "https://files.pythonhosted.org/packages/8f/7f/6b956fab95fa73462bca25d1ea7fc8274ddf68fb8e60b78d56c03b65278e/lxml-6.0.0-cp313-cp313-musllinux_1_2_aarch64.whl", hash = "sha256:1676b56d48048a62ef77a250428d1f31f610763636e0784ba67a9740823988ca", size = 5060227, upload-time = "2025-06-26T16:26:55.054Z" },
    { url = "https://files.pythonhosted.org/packages/97/06/e851ac2924447e8b15a294855caf3d543424364a143c001014d22c8ca94c/lxml-6.0.0-cp313-cp313-musllinux_1_2_armv7l.whl", hash = "sha256:0e32698462aacc5c1cf6bdfebc9c781821b7e74c79f13e5ffc8bfe27c42b1abf", size = 4790637, upload-time = "2025-06-26T16:26:57.384Z" },
    { url = "https://files.pythonhosted.org/packages/06/d4/fd216f3cd6625022c25b336c7570d11f4a43adbaf0a56106d3d496f727a7/lxml-6.0.0-cp313-cp313-musllinux_1_2_ppc64le.whl", hash = "sha256:4d6036c3a296707357efb375cfc24bb64cd955b9ec731abf11ebb1e40063949f", size = 5662049, upload-time = "2025-07-03T19:19:16.409Z" },
    { url = "https://files.pythonhosted.org/packages/52/03/0e764ce00b95e008d76b99d432f1807f3574fb2945b496a17807a1645dbd/lxml-6.0.0-cp313-cp313-musllinux_1_2_x86_64.whl", hash = "sha256:7488a43033c958637b1a08cddc9188eb06d3ad36582cebc7d4815980b47e27ef", size = 5272430, upload-time = "2025-06-26T16:27:00.031Z" },
    { url = "https://files.pythonhosted.org/packages/5f/01/d48cc141bc47bc1644d20fe97bbd5e8afb30415ec94f146f2f76d0d9d098/lxml-6.0.0-cp313-cp313-win32.whl", hash = "sha256:5fcd7d3b1d8ecb91445bd71b9c88bdbeae528fefee4f379895becfc72298d181", size = 3612896, upload-time = "2025-06-26T16:27:04.251Z" },
    { url = "https://files.pythonhosted.org/packages/f4/87/6456b9541d186ee7d4cb53bf1b9a0d7f3b1068532676940fdd594ac90865/lxml-6.0.0-cp313-cp313-win_amd64.whl", hash = "sha256:2f34687222b78fff795feeb799a7d44eca2477c3d9d3a46ce17d51a4f383e32e", size = 4013132, upload-time = "2025-06-26T16:27:06.415Z" },
    { url = "https://files.pythonhosted.org/packages/b7/42/85b3aa8f06ca0d24962f8100f001828e1f1f1a38c954c16e71154ed7d53a/lxml-6.0.0-cp313-cp313-win_arm64.whl", hash = "sha256:21db1ec5525780fd07251636eb5f7acb84003e9382c72c18c542a87c416ade03", size = 3672642, upload-time = "2025-06-26T16:27:09.888Z" },
]

[[package]]
name = "memory-profiler"
version = "0.61.0"
source = { registry = "https://pypi.org/simple" }
dependencies = [
    { name = "psutil" },
]
sdist = { url = "https://files.pythonhosted.org/packages/b2/88/e1907e1ca3488f2d9507ca8b0ae1add7b1cd5d3ca2bc8e5b329382ea2c7b/memory_profiler-0.61.0.tar.gz", hash = "sha256:4e5b73d7864a1d1292fb76a03e82a3e78ef934d06828a698d9dada76da2067b0", size = 35935, upload-time = "2022-11-15T17:57:28.994Z" }
wheels = [
    { url = "https://files.pythonhosted.org/packages/49/26/aaca612a0634ceede20682e692a6c55e35a94c21ba36b807cc40fe910ae1/memory_profiler-0.61.0-py3-none-any.whl", hash = "sha256:400348e61031e3942ad4d4109d18753b2fb08c2f6fb8290671c5513a34182d84", size = 31803, upload-time = "2022-11-15T17:57:27.031Z" },
]

[[package]]
name = "msgpack"
version = "1.1.1"
source = { registry = "https://pypi.org/simple" }
sdist = { url = "https://files.pythonhosted.org/packages/45/b1/ea4f68038a18c77c9467400d166d74c4ffa536f34761f7983a104357e614/msgpack-1.1.1.tar.gz", hash = "sha256:77b79ce34a2bdab2594f490c8e80dd62a02d650b91a75159a63ec413b8d104cd", size = 173555, upload-time = "2025-06-13T06:52:51.324Z" }
wheels = [
    { url = "https://files.pythonhosted.org/packages/a1/38/561f01cf3577430b59b340b51329803d3a5bf6a45864a55f4ef308ac11e3/msgpack-1.1.1-cp313-cp313-macosx_10_13_x86_64.whl", hash = "sha256:3765afa6bd4832fc11c3749be4ba4b69a0e8d7b728f78e68120a157a4c5d41f0", size = 81677, upload-time = "2025-06-13T06:52:16.64Z" },
    { url = "https://files.pythonhosted.org/packages/09/48/54a89579ea36b6ae0ee001cba8c61f776451fad3c9306cd80f5b5c55be87/msgpack-1.1.1-cp313-cp313-macosx_11_0_arm64.whl", hash = "sha256:8ddb2bcfd1a8b9e431c8d6f4f7db0773084e107730ecf3472f1dfe9ad583f3d9", size = 78603, upload-time = "2025-06-13T06:52:17.843Z" },
    { url = "https://files.pythonhosted.org/packages/a0/60/daba2699b308e95ae792cdc2ef092a38eb5ee422f9d2fbd4101526d8a210/msgpack-1.1.1-cp313-cp313-manylinux_2_17_aarch64.manylinux2014_aarch64.whl", hash = "sha256:196a736f0526a03653d829d7d4c5500a97eea3648aebfd4b6743875f28aa2af8", size = 420504, upload-time = "2025-06-13T06:52:18.982Z" },
    { url = "https://files.pythonhosted.org/packages/20/22/2ebae7ae43cd8f2debc35c631172ddf14e2a87ffcc04cf43ff9df9fff0d3/msgpack-1.1.1-cp313-cp313-manylinux_2_17_x86_64.manylinux2014_x86_64.whl", hash = "sha256:9d592d06e3cc2f537ceeeb23d38799c6ad83255289bb84c2e5792e5a8dea268a", size = 423749, upload-time = "2025-06-13T06:52:20.211Z" },
    { url = "https://files.pythonhosted.org/packages/40/1b/54c08dd5452427e1179a40b4b607e37e2664bca1c790c60c442c8e972e47/msgpack-1.1.1-cp313-cp313-manylinux_2_5_i686.manylinux1_i686.manylinux_2_17_i686.manylinux2014_i686.whl", hash = "sha256:4df2311b0ce24f06ba253fda361f938dfecd7b961576f9be3f3fbd60e87130ac", size = 404458, upload-time = "2025-06-13T06:52:21.429Z" },
    { url = "https://files.pythonhosted.org/packages/2e/60/6bb17e9ffb080616a51f09928fdd5cac1353c9becc6c4a8abd4e57269a16/msgpack-1.1.1-cp313-cp313-musllinux_1_2_aarch64.whl", hash = "sha256:e4141c5a32b5e37905b5940aacbc59739f036930367d7acce7a64e4dec1f5e0b", size = 405976, upload-time = "2025-06-13T06:52:22.995Z" },
    { url = "https://files.pythonhosted.org/packages/ee/97/88983e266572e8707c1f4b99c8fd04f9eb97b43f2db40e3172d87d8642db/msgpack-1.1.1-cp313-cp313-musllinux_1_2_i686.whl", hash = "sha256:b1ce7f41670c5a69e1389420436f41385b1aa2504c3b0c30620764b15dded2e7", size = 408607, upload-time = "2025-06-13T06:52:24.152Z" },
    { url = "https://files.pythonhosted.org/packages/bc/66/36c78af2efaffcc15a5a61ae0df53a1d025f2680122e2a9eb8442fed3ae4/msgpack-1.1.1-cp313-cp313-musllinux_1_2_x86_64.whl", hash = "sha256:4147151acabb9caed4e474c3344181e91ff7a388b888f1e19ea04f7e73dc7ad5", size = 424172, upload-time = "2025-06-13T06:52:25.704Z" },
    { url = "https://files.pythonhosted.org/packages/8c/87/a75eb622b555708fe0427fab96056d39d4c9892b0c784b3a721088c7ee37/msgpack-1.1.1-cp313-cp313-win32.whl", hash = "sha256:500e85823a27d6d9bba1d057c871b4210c1dd6fb01fbb764e37e4e8847376323", size = 65347, upload-time = "2025-06-13T06:52:26.846Z" },
    { url = "https://files.pythonhosted.org/packages/ca/91/7dc28d5e2a11a5ad804cf2b7f7a5fcb1eb5a4966d66a5d2b41aee6376543/msgpack-1.1.1-cp313-cp313-win_amd64.whl", hash = "sha256:6d489fba546295983abd142812bda76b57e33d0b9f5d5b71c09a583285506f69", size = 72341, upload-time = "2025-06-13T06:52:27.835Z" },
]

[[package]]
name = "psutil"
version = "7.0.0"
source = { registry = "https://pypi.org/simple" }
sdist = { url = "https://files.pythonhosted.org/packages/2a/80/336820c1ad9286a4ded7e845b2eccfcb27851ab8ac6abece774a6ff4d3de/psutil-7.0.0.tar.gz", hash = "sha256:7be9c3eba38beccb6495ea33afd982a44074b78f28c434a1f51cc07fd315c456", size = 497003, upload-time = "2025-02-13T21:54:07.946Z" }
wheels = [
    { url = "https://files.pythonhosted.org/packages/ed/e6/2d26234410f8b8abdbf891c9da62bee396583f713fb9f3325a4760875d22/psutil-7.0.0-cp36-abi3-macosx_10_9_x86_64.whl", hash = "sha256:101d71dc322e3cffd7cea0650b09b3d08b8e7c4109dd6809fe452dfd00e58b25", size = 238051, upload-time = "2025-02-13T21:54:12.36Z" },
    { url = "https://files.pythonhosted.org/packages/04/8b/30f930733afe425e3cbfc0e1468a30a18942350c1a8816acfade80c005c4/psutil-7.0.0-cp36-abi3-macosx_11_0_arm64.whl", hash = "sha256:39db632f6bb862eeccf56660871433e111b6ea58f2caea825571951d4b6aa3da", size = 239535, upload-time = "2025-02-13T21:54:16.07Z" },
    { url = "https://files.pythonhosted.org/packages/2a/ed/d362e84620dd22876b55389248e522338ed1bf134a5edd3b8231d7207f6d/psutil-7.0.0-cp36-abi3-manylinux_2_12_i686.manylinux2010_i686.manylinux_2_17_i686.manylinux2014_i686.whl", hash = "sha256:1fcee592b4c6f146991ca55919ea3d1f8926497a713ed7faaf8225e174581e91", size = 275004, upload-time = "2025-02-13T21:54:18.662Z" },
    { url = "https://files.pythonhosted.org/packages/bf/b9/b0eb3f3cbcb734d930fdf839431606844a825b23eaf9a6ab371edac8162c/psutil-7.0.0-cp36-abi3-manylinux_2_12_x86_64.manylinux2010_x86_64.manylinux_2_17_x86_64.manylinux2014_x86_64.whl", hash = "sha256:4b1388a4f6875d7e2aff5c4ca1cc16c545ed41dd8bb596cefea80111db353a34", size = 277986, upload-time = "2025-02-13T21:54:21.811Z" },
    { url = "https://files.pythonhosted.org/packages/eb/a2/709e0fe2f093556c17fbafda93ac032257242cabcc7ff3369e2cb76a97aa/psutil-7.0.0-cp36-abi3-manylinux_2_17_aarch64.manylinux2014_aarch64.whl", hash = "sha256:a5f098451abc2828f7dc6b58d44b532b22f2088f4999a937557b603ce72b1993", size = 279544, upload-time = "2025-02-13T21:54:24.68Z" },
    { url = "https://files.pythonhosted.org/packages/50/e6/eecf58810b9d12e6427369784efe814a1eec0f492084ce8eb8f4d89d6d61/psutil-7.0.0-cp37-abi3-win32.whl", hash = "sha256:ba3fcef7523064a6c9da440fc4d6bd07da93ac726b5733c29027d7dc95b39d99", size = 241053, upload-time = "2025-02-13T21:54:34.31Z" },
    { url = "https://files.pythonhosted.org/packages/50/1b/6921afe68c74868b4c9fa424dad3be35b095e16687989ebbb50ce4fceb7c/psutil-7.0.0-cp37-abi3-win_amd64.whl", hash = "sha256:4cf3d4eb1aa9b348dec30105c55cd9b7d4629285735a102beb4441e38db90553", size = 244885, upload-time = "2025-02-13T21:54:37.486Z" },
]

[[package]]
name = "python-dotenv"
version = "1.1.1"
source = { registry = "https://pypi.org/simple" }
sdist = { url = "https://files.pythonhosted.org/packages/f6/b0/4bc07ccd3572a2f9df7e6782f52b0c6c90dcbb803ac4a167702d7d0dfe1e/python_dotenv-1.1.1.tar.gz", hash = "sha256:a8a6399716257f45be6a007360200409fce5cda2661e3dec71d23dc15f6189ab", size = 41978, upload-time = "2025-06-24T04:21:07.341Z" }
wheels = [
    { url = "https://files.pythonhosted.org/packages/5f/ed/539768cf28c661b5b068d66d96a2f155c4971a5d55684a514c1a0e0dec2f/python_dotenv-1.1.1-py3-none-any.whl", hash = "sha256:31f23644fe2602f88ff55e1f5c79ba497e01224ee7737937930c448e4d0e24dc", size = 20556, upload-time = "2025-06-24T04:21:06.073Z" },
]

[[package]]
name = "quick-xmltodict"
version = "0.1.3"
source = { registry = "https://pypi.org/simple" }
sdist = { url = "https://files.pythonhosted.org/packages/c1/0e/38a2c66cd408d5f6b2b299a3f3d87b04c9f5919c1baddce6d4c9b58797a6/quick_xmltodict-0.1.3.tar.gz", hash = "sha256:cd7f36ab6c6808d7931cb330fc21dec5330e1ff8189f142f072d370fada67145", size = 4785785, upload-time = "2025-04-14T13:38:51.851Z" }
wheels = [
    { url = "https://files.pythonhosted.org/packages/eb/dd/6cd295ea18f08ca67c5a252c3740ce206886e6175a0aef10a84132dd4b8c/quick_xmltodict-0.1.3-cp313-cp313-macosx_10_12_x86_64.whl", hash = "sha256:17204d87d37ec687a3515913add286a374fa71ff8863393812f45a0a81d4bcdd", size = 213052, upload-time = "2025-04-14T13:38:49.935Z" },
    { url = "https://files.pythonhosted.org/packages/a2/03/0113e45b2546c8d862d604997f84f36e1233099ca7b9072eae6a3b5013ba/quick_xmltodict-0.1.3-cp313-cp313-macosx_11_0_arm64.whl", hash = "sha256:7ce8d9671301855ccc4a28a28636038a3797bc6b6c600ea28f8d760165a4697a", size = 202989, upload-time = "2025-04-14T13:38:44.852Z" },
    { url = "https://files.pythonhosted.org/packages/2e/fe/98ccb0b5ff27718414bcfa65cd1981d75d1a5de882e1a3117d8781526035/quick_xmltodict-0.1.3-cp313-cp313-manylinux_2_17_aarch64.manylinux2014_aarch64.whl", hash = "sha256:523fddf89d67c4bfc4ff371f9bf5dd6110bc27f267b8f6eb7fd2a4bf4db7c377", size = 222650, upload-time = "2025-04-14T13:37:39.135Z" },
    { url = "https://files.pythonhosted.org/packages/eb/9d/3f31457c86dff07079e7c22beb1e2a2b0314b2ade07c0d24de51884b8740/quick_xmltodict-0.1.3-cp313-cp313-manylinux_2_17_armv7l.manylinux2014_armv7l.whl", hash = "sha256:5677cfd437f6f6ba03d69ab74142616d877cc42508123ac9d017165dbd5d6807", size = 228141, upload-time = "2025-04-14T13:37:50.764Z" },
    { url = "https://files.pythonhosted.org/packages/fc/ab/6ed30a03c400ca149e34579664f4d7c2968ea5a8dc0e5e0ea210e9a44c81/quick_xmltodict-0.1.3-cp313-cp313-manylinux_2_17_ppc64le.manylinux2014_ppc64le.whl", hash = "sha256:43b4ae68ad5d52801d575add7ff32816e8d3aad9a086302d3366ebfcc13a5243", size = 259157, upload-time = "2025-04-14T13:38:02.968Z" },
    { url = "https://files.pythonhosted.org/packages/b0/6f/dd1d20f1d3618c9bebe77222081510425a0724f02f64f7eddd3ab76cb8b0/quick_xmltodict-0.1.3-cp313-cp313-manylinux_2_17_s390x.manylinux2014_s390x.whl", hash = "sha256:6d4feca774cdcd1e93002c8e99565a54d8183e09fd8aad6e855f2cd98827b818", size = 322207, upload-time = "2025-04-14T13:38:15.648Z" },
    { url = "https://files.pythonhosted.org/packages/26/a0/1a7942fa0075cec234075865602aabfbc42c14606da0d6d2d70f3870c548/quick_xmltodict-0.1.3-cp313-cp313-manylinux_2_17_x86_64.manylinux2014_x86_64.whl", hash = "sha256:206dbbbd8a9ada3e4ff66799e09236f47c792537dca9afa5aa231623815327cb", size = 230318, upload-time = "2025-04-14T13:38:37.154Z" },
    { url = "https://files.pythonhosted.org/packages/54/8b/4d51c47eef7fb5ff6f964d2d2f61b785dd1cc371e7992b745e43ff4585df/quick_xmltodict-0.1.3-cp313-cp313-manylinux_2_5_i686.manylinux1_i686.whl", hash = "sha256:9b8e8605114e0c2e29a39a3848088b211289b5713626959f98d5523d2c9b473c", size = 244490, upload-time = "2025-04-14T13:38:27.296Z" },
    { url = "https://files.pythonhosted.org/packages/aa/06/fcb7b9c6c8445d8087209a2385f293dfadb698d781b633ce990551ab9605/quick_xmltodict-0.1.3-cp313-cp313-win32.whl", hash = "sha256:cd1ccb09c4578a439c3ed6868bcf8a11edad0269e4a1bb09efed8b6df8217826", size = 129312, upload-time = "2025-04-14T13:39:03.352Z" },
    { url = "https://files.pythonhosted.org/packages/4d/eb/c2edcc59ed56005385de6974dc2a844ff1a50b1797ed273cc494502663c6/quick_xmltodict-0.1.3-cp313-cp313-win_amd64.whl", hash = "sha256:0e00c17a4920dd678f0efa9138f674499ae3c3b4acafa31efacbe2c4cb5a268c", size = 136569, upload-time = "2025-04-14T13:38:57.432Z" },
    { url = "https://files.pythonhosted.org/packages/c1/81/f27dc48a07d3a434aadb28ef46629ef57cfa49c742829895a9973fd9bc2a/quick_xmltodict-0.1.3-cp313-cp313t-manylinux_2_17_aarch64.manylinux2014_aarch64.whl", hash = "sha256:09fbdae3e53268ff88d42320f8620b17a5e9e69d25a1fe937508766c642b7ee7", size = 222158, upload-time = "2025-04-14T13:37:40.476Z" },
    { url = "https://files.pythonhosted.org/packages/44/68/82b044e74d576641aae6cc2be38a1dcbd09a6087175ca0ddf11e9d0e7148/quick_xmltodict-0.1.3-cp313-cp313t-manylinux_2_17_armv7l.manylinux2014_armv7l.whl", hash = "sha256:8e2e7a86f58ca8971ff914f2d61914403a59dda8a81ec9d5f9b1e84d1317774c", size = 227486, upload-time = "2025-04-14T13:37:52.132Z" },
    { url = "https://files.pythonhosted.org/packages/e5/52/2e518acbae884146a3a38ddc2f395fb5f8e67cf4e129e64dde308643354a/quick_xmltodict-0.1.3-cp313-cp313t-manylinux_2_17_ppc64le.manylinux2014_ppc64le.whl", hash = "sha256:d6cf090e7a384bce7fb4e83503aa292da1b4be64d4b033507a786fce6236368a", size = 258832, upload-time = "2025-04-14T13:38:04.81Z" },
    { url = "https://files.pythonhosted.org/packages/e8/3b/58ace1245532f6c4b30949ce9c32b7bac8aa69bd8a2d5618324df7bb6109/quick_xmltodict-0.1.3-cp313-cp313t-manylinux_2_17_s390x.manylinux2014_s390x.whl", hash = "sha256:96a98da0a3793b7bc30294698a8c30797b338a710454184ef683a44cb02aa961", size = 323397, upload-time = "2025-04-14T13:38:17.198Z" },
]

[[package]]
name = "requests"
version = "2.32.4"
source = { registry = "https://pypi.org/simple" }
dependencies = [
    { name = "certifi" },
    { name = "charset-normalizer" },
    { name = "idna" },
    { name = "urllib3" },
]
sdist = { url = "https://files.pythonhosted.org/packages/e1/0a/929373653770d8a0d7ea76c37de6e41f11eb07559b103b1c02cafb3f7cf8/requests-2.32.4.tar.gz", hash = "sha256:27d0316682c8a29834d3264820024b62a36942083d52caf2f14c0591336d3422", size = 135258, upload-time = "2025-06-09T16:43:07.34Z" }
wheels = [
    { url = "https://files.pythonhosted.org/packages/7c/e4/56027c4a6b4ae70ca9de302488c5ca95ad4a39e190093d6c1a8ace08341b/requests-2.32.4-py3-none-any.whl", hash = "sha256:27babd3cda2a6d50b30443204ee89830707d396671944c998b5975b031ac2b2c", size = 64847, upload-time = "2025-06-09T16:43:05.728Z" },
]

[[package]]
name = "ruamel-yaml"
version = "0.18.14"
source = { registry = "https://pypi.org/simple" }
dependencies = [
    { name = "ruamel-yaml-clib", marker = "python_full_version < '3.14' and platform_python_implementation == 'CPython'" },
]
sdist = { url = "https://files.pythonhosted.org/packages/39/87/6da0df742a4684263261c253f00edd5829e6aca970fff69e75028cccc547/ruamel.yaml-0.18.14.tar.gz", hash = "sha256:7227b76aaec364df15936730efbf7d72b30c0b79b1d578bbb8e3dcb2d81f52b7", size = 145511, upload-time = "2025-06-09T08:51:09.828Z" }
wheels = [
    { url = "https://files.pythonhosted.org/packages/af/6d/6fe4805235e193aad4aaf979160dd1f3c487c57d48b810c816e6e842171b/ruamel.yaml-0.18.14-py3-none-any.whl", hash = "sha256:710ff198bb53da66718c7db27eec4fbcc9aa6ca7204e4c1df2f282b6fe5eb6b2", size = 118570, upload-time = "2025-06-09T08:51:06.348Z" },
]

[[package]]
name = "ruamel-yaml-clib"
version = "0.2.12"
source = { registry = "https://pypi.org/simple" }
sdist = { url = "https://files.pythonhosted.org/packages/20/84/80203abff8ea4993a87d823a5f632e4d92831ef75d404c9fc78d0176d2b5/ruamel.yaml.clib-0.2.12.tar.gz", hash = "sha256:6c8fbb13ec503f99a91901ab46e0b07ae7941cd527393187039aec586fdfd36f", size = 225315, upload-time = "2024-10-20T10:10:56.22Z" }
wheels = [
    { url = "https://files.pythonhosted.org/packages/29/00/4864119668d71a5fa45678f380b5923ff410701565821925c69780356ffa/ruamel.yaml.clib-0.2.12-cp313-cp313-macosx_14_0_arm64.whl", hash = "sha256:4c8c5d82f50bb53986a5e02d1b3092b03622c02c2eb78e29bec33fd9593bae1a", size = 132011, upload-time = "2024-10-20T10:13:04.377Z" },
    { url = "https://files.pythonhosted.org/packages/7f/5e/212f473a93ae78c669ffa0cb051e3fee1139cb2d385d2ae1653d64281507/ruamel.yaml.clib-0.2.12-cp313-cp313-manylinux2014_aarch64.whl", hash = "sha256:e7e3736715fbf53e9be2a79eb4db68e4ed857017344d697e8b9749444ae57475", size = 642488, upload-time = "2024-10-20T10:13:05.906Z" },
    { url = "https://files.pythonhosted.org/packages/1f/8f/ecfbe2123ade605c49ef769788f79c38ddb1c8fa81e01f4dbf5cf1a44b16/ruamel.yaml.clib-0.2.12-cp313-cp313-manylinux_2_17_x86_64.manylinux2014_x86_64.whl", hash = "sha256:0b7e75b4965e1d4690e93021adfcecccbca7d61c7bddd8e22406ef2ff20d74ef", size = 745066, upload-time = "2024-10-20T10:13:07.26Z" },
    { url = "https://files.pythonhosted.org/packages/e2/a9/28f60726d29dfc01b8decdb385de4ced2ced9faeb37a847bd5cf26836815/ruamel.yaml.clib-0.2.12-cp313-cp313-manylinux_2_5_i686.manylinux1_i686.manylinux_2_17_i686.manylinux2014_i686.whl", hash = "sha256:96777d473c05ee3e5e3c3e999f5d23c6f4ec5b0c38c098b3a5229085f74236c6", size = 701785, upload-time = "2024-10-20T10:13:08.504Z" },
    { url = "https://files.pythonhosted.org/packages/84/7e/8e7ec45920daa7f76046578e4f677a3215fe8f18ee30a9cb7627a19d9b4c/ruamel.yaml.clib-0.2.12-cp313-cp313-musllinux_1_1_i686.whl", hash = "sha256:3bc2a80e6420ca8b7d3590791e2dfc709c88ab9152c00eeb511c9875ce5778bf", size = 693017, upload-time = "2024-10-21T11:26:48.866Z" },
    { url = "https://files.pythonhosted.org/packages/c5/b3/d650eaade4ca225f02a648321e1ab835b9d361c60d51150bac49063b83fa/ruamel.yaml.clib-0.2.12-cp313-cp313-musllinux_1_1_x86_64.whl", hash = "sha256:e188d2699864c11c36cdfdada94d781fd5d6b0071cd9c427bceb08ad3d7c70e1", size = 741270, upload-time = "2024-10-21T11:26:50.213Z" },
    { url = "https://files.pythonhosted.org/packages/87/b8/01c29b924dcbbed75cc45b30c30d565d763b9c4d540545a0eeecffb8f09c/ruamel.yaml.clib-0.2.12-cp313-cp313-musllinux_1_2_aarch64.whl", hash = "sha256:4f6f3eac23941b32afccc23081e1f50612bdbe4e982012ef4f5797986828cd01", size = 709059, upload-time = "2024-12-11T19:58:18.846Z" },
    { url = "https://files.pythonhosted.org/packages/30/8c/ed73f047a73638257aa9377ad356bea4d96125b305c34a28766f4445cc0f/ruamel.yaml.clib-0.2.12-cp313-cp313-win32.whl", hash = "sha256:6442cb36270b3afb1b4951f060eccca1ce49f3d087ca1ca4563a6eb479cb3de6", size = 98583, upload-time = "2024-10-20T10:13:09.658Z" },
    { url = "https://files.pythonhosted.org/packages/b0/85/e8e751d8791564dd333d5d9a4eab0a7a115f7e349595417fd50ecae3395c/ruamel.yaml.clib-0.2.12-cp313-cp313-win_amd64.whl", hash = "sha256:e5b8daf27af0b90da7bb903a876477a9e6d7270be6146906b276605997c7e9a3", size = 115190, upload-time = "2024-10-20T10:13:10.66Z" },
]

[[package]]
name = "urllib3"
version = "2.5.0"
source = { registry = "https://pypi.org/simple" }
sdist = { url = "https://files.pythonhosted.org/packages/15/22/9ee70a2574a4f4599c47dd506532914ce044817c7752a79b6a51286319bc/urllib3-2.5.0.tar.gz", hash = "sha256:3fc47733c7e419d4bc3f6b3dc2b4f890bb743906a30d56ba4a5bfa4bbff92760", size = 393185, upload-time = "2025-06-18T14:07:41.644Z" }
wheels = [
    { url = "https://files.pythonhosted.org/packages/a7/c2/fe1e52489ae3122415c51f387e221dd0773709bad6c6cdaa599e8a2c5185/urllib3-2.5.0-py3-none-any.whl", hash = "sha256:e6b01673c0fa6a13e374b50871808eb3bf7046c4b125b216f6bf1cc604cff0dc", size = 129795, upload-time = "2025-06-18T14:07:40.39Z" },
]

[[package]]
name = "win32-setctime"
version = "1.2.0"
source = { registry = "https://pypi.org/simple" }
sdist = { url = "https://files.pythonhosted.org/packages/b3/8f/705086c9d734d3b663af0e9bb3d4de6578d08f46b1b101c2442fd9aecaa2/win32_setctime-1.2.0.tar.gz", hash = "sha256:ae1fdf948f5640aae05c511ade119313fb6a30d7eabe25fef9764dca5873c4c0", size = 4867, upload-time = "2024-12-07T15:28:28.314Z" }
wheels = [
    { url = "https://files.pythonhosted.org/packages/e1/07/c6fe3ad3e685340704d314d765b7912993bcb8dc198f0e7a89382d37974b/win32_setctime-1.2.0-py3-none-any.whl", hash = "sha256:95d644c4e708aba81dc3704a116d8cbc974d70b3bdb8be1d150e36be6e9d1390", size = 4083, upload-time = "2024-12-07T15:28:26.465Z" },
]

[[package]]
name = "xxhash"
version = "3.5.0"
source = { registry = "https://pypi.org/simple" }
sdist = { url = "https://files.pythonhosted.org/packages/00/5e/d6e5258d69df8b4ed8c83b6664f2b47d30d2dec551a29ad72a6c69eafd31/xxhash-3.5.0.tar.gz", hash = "sha256:84f2caddf951c9cbf8dc2e22a89d4ccf5d86391ac6418fe81e3c67d0cf60b45f", size = 84241, upload-time = "2024-08-17T09:20:38.972Z" }
wheels = [
    { url = "https://files.pythonhosted.org/packages/c9/b8/e4b3ad92d249be5c83fa72916c9091b0965cb0faeff05d9a0a3870ae6bff/xxhash-3.5.0-cp313-cp313-macosx_10_13_x86_64.whl", hash = "sha256:37889a0d13b0b7d739cfc128b1c902f04e32de17b33d74b637ad42f1c55101f6", size = 31795, upload-time = "2024-08-17T09:18:46.813Z" },
    { url = "https://files.pythonhosted.org/packages/fc/d8/b3627a0aebfbfa4c12a41e22af3742cf08c8ea84f5cc3367b5de2d039cce/xxhash-3.5.0-cp313-cp313-macosx_11_0_arm64.whl", hash = "sha256:97a662338797c660178e682f3bc180277b9569a59abfb5925e8620fba00b9fc5", size = 30792, upload-time = "2024-08-17T09:18:47.862Z" },
    { url = "https://files.pythonhosted.org/packages/c3/cc/762312960691da989c7cd0545cb120ba2a4148741c6ba458aa723c00a3f8/xxhash-3.5.0-cp313-cp313-manylinux_2_17_aarch64.manylinux2014_aarch64.whl", hash = "sha256:7f85e0108d51092bdda90672476c7d909c04ada6923c14ff9d913c4f7dc8a3bc", size = 220950, upload-time = "2024-08-17T09:18:49.06Z" },
    { url = "https://files.pythonhosted.org/packages/fe/e9/cc266f1042c3c13750e86a535496b58beb12bf8c50a915c336136f6168dc/xxhash-3.5.0-cp313-cp313-manylinux_2_17_ppc64le.manylinux2014_ppc64le.whl", hash = "sha256:cd2fd827b0ba763ac919440042302315c564fdb797294d86e8cdd4578e3bc7f3", size = 199980, upload-time = "2024-08-17T09:18:50.445Z" },
    { url = "https://files.pythonhosted.org/packages/bf/85/a836cd0dc5cc20376de26b346858d0ac9656f8f730998ca4324921a010b9/xxhash-3.5.0-cp313-cp313-manylinux_2_17_s390x.manylinux2014_s390x.whl", hash = "sha256:82085c2abec437abebf457c1d12fccb30cc8b3774a0814872511f0f0562c768c", size = 428324, upload-time = "2024-08-17T09:18:51.988Z" },
    { url = "https://files.pythonhosted.org/packages/b4/0e/15c243775342ce840b9ba34aceace06a1148fa1630cd8ca269e3223987f5/xxhash-3.5.0-cp313-cp313-manylinux_2_17_x86_64.manylinux2014_x86_64.whl", hash = "sha256:07fda5de378626e502b42b311b049848c2ef38784d0d67b6f30bb5008642f8eb", size = 194370, upload-time = "2024-08-17T09:18:54.164Z" },
    { url = "https://files.pythonhosted.org/packages/87/a1/b028bb02636dfdc190da01951d0703b3d904301ed0ef6094d948983bef0e/xxhash-3.5.0-cp313-cp313-manylinux_2_5_i686.manylinux1_i686.manylinux_2_17_i686.manylinux2014_i686.whl", hash = "sha256:c279f0d2b34ef15f922b77966640ade58b4ccdfef1c4d94b20f2a364617a493f", size = 207911, upload-time = "2024-08-17T09:18:55.509Z" },
    { url = "https://files.pythonhosted.org/packages/80/d5/73c73b03fc0ac73dacf069fdf6036c9abad82de0a47549e9912c955ab449/xxhash-3.5.0-cp313-cp313-musllinux_1_2_aarch64.whl", hash = "sha256:89e66ceed67b213dec5a773e2f7a9e8c58f64daeb38c7859d8815d2c89f39ad7", size = 216352, upload-time = "2024-08-17T09:18:57.073Z" },
    { url = "https://files.pythonhosted.org/packages/b6/2a/5043dba5ddbe35b4fe6ea0a111280ad9c3d4ba477dd0f2d1fe1129bda9d0/xxhash-3.5.0-cp313-cp313-musllinux_1_2_i686.whl", hash = "sha256:bcd51708a633410737111e998ceb3b45d3dbc98c0931f743d9bb0a209033a326", size = 203410, upload-time = "2024-08-17T09:18:58.54Z" },
    { url = "https://files.pythonhosted.org/packages/a2/b2/9a8ded888b7b190aed75b484eb5c853ddd48aa2896e7b59bbfbce442f0a1/xxhash-3.5.0-cp313-cp313-musllinux_1_2_ppc64le.whl", hash = "sha256:3ff2c0a34eae7df88c868be53a8dd56fbdf592109e21d4bfa092a27b0bf4a7bf", size = 210322, upload-time = "2024-08-17T09:18:59.943Z" },
    { url = "https://files.pythonhosted.org/packages/98/62/440083fafbc917bf3e4b67c2ade621920dd905517e85631c10aac955c1d2/xxhash-3.5.0-cp313-cp313-musllinux_1_2_s390x.whl", hash = "sha256:4e28503dccc7d32e0b9817aa0cbfc1f45f563b2c995b7a66c4c8a0d232e840c7", size = 414725, upload-time = "2024-08-17T09:19:01.332Z" },
    { url = "https://files.pythonhosted.org/packages/75/db/009206f7076ad60a517e016bb0058381d96a007ce3f79fa91d3010f49cc2/xxhash-3.5.0-cp313-cp313-musllinux_1_2_x86_64.whl", hash = "sha256:a6c50017518329ed65a9e4829154626f008916d36295b6a3ba336e2458824c8c", size = 192070, upload-time = "2024-08-17T09:19:03.007Z" },
    { url = "https://files.pythonhosted.org/packages/1f/6d/c61e0668943a034abc3a569cdc5aeae37d686d9da7e39cf2ed621d533e36/xxhash-3.5.0-cp313-cp313-win32.whl", hash = "sha256:53a068fe70301ec30d868ece566ac90d873e3bb059cf83c32e76012c889b8637", size = 30172, upload-time = "2024-08-17T09:19:04.355Z" },
    { url = "https://files.pythonhosted.org/packages/96/14/8416dce965f35e3d24722cdf79361ae154fa23e2ab730e5323aa98d7919e/xxhash-3.5.0-cp313-cp313-win_amd64.whl", hash = "sha256:80babcc30e7a1a484eab952d76a4f4673ff601f54d5142c26826502740e70b43", size = 30041, upload-time = "2024-08-17T09:19:05.435Z" },
    { url = "https://files.pythonhosted.org/packages/27/ee/518b72faa2073f5aa8e3262408d284892cb79cf2754ba0c3a5870645ef73/xxhash-3.5.0-cp313-cp313-win_arm64.whl", hash = "sha256:4811336f1ce11cac89dcbd18f3a25c527c16311709a89313c3acaf771def2d4b", size = 26801, upload-time = "2024-08-17T09:19:06.547Z" },
]

[[package]]
name = "zstd"
version = "1.5.7.2"
source = { registry = "https://pypi.org/simple" }
sdist = { url = "https://files.pythonhosted.org/packages/0f/78/9a476e09c825304df47b98be80d1ffe223733b03550af71325415028f615/zstd-1.5.7.2.tar.gz", hash = "sha256:6d8684c69009be49e1b18ec251a5eb0d7e24f93624990a8a124a1da66a92fc8a", size = 670481, upload-time = "2025-06-23T12:36:08.131Z" }
wheels = [
    { url = "https://files.pythonhosted.org/packages/a1/63/0d392a8ec2231dee9fc2290faea7a6642584686720d6b77899ad8b12e35a/zstd-1.5.7.2-cp313-cp313-macosx_10_13_x86_64.whl", hash = "sha256:6e684e27064b6550aa2e7dc85d171ea1b62cb5930a2c99b3df9b30bf620b5c06", size = 269438, upload-time = "2025-06-23T12:57:52.507Z" },
    { url = "https://files.pythonhosted.org/packages/be/1f/85aae095f92811bed3d2944bbed971fe07ec1dd2d82c9eb1395d69d2123c/zstd-1.5.7.2-cp313-cp313-macosx_11_0_arm64.whl", hash = "sha256:fd6262788a98807d6b2befd065d127db177c1cd76bb8e536e0dded419eb7c7fb", size = 228179, upload-time = "2025-06-23T12:57:51.031Z" },
    { url = "https://files.pythonhosted.org/packages/31/4e/547949993ea347ac44f5908262ebe6e85edfa7b11a5df136319789be731d/zstd-1.5.7.2-cp313-cp313-manylinux_2_14_x86_64.whl", hash = "sha256:53948be45f286a1b25c07a6aa2aca5c902208eb3df9fe36cf891efa0394c8b71", size = 302763, upload-time = "2025-06-23T12:51:51.615Z" },
    { url = "https://files.pythonhosted.org/packages/25/ca/4a6882846e3049be249031f825251a9229ecad471e18e7fd27974540549c/zstd-1.5.7.2-cp313-cp313-win32.whl", hash = "sha256:edf816c218e5978033b7bb47dcb453dfb71038cb8a9bf4877f3f823e74d58174", size = 149452, upload-time = "2025-06-23T12:57:32.116Z" },
    { url = "https://files.pythonhosted.org/packages/e7/aa/89339605864c9803e4738f176932a6c9f1ad99d03c03ef2cb0634ddca680/zstd-1.5.7.2-cp313-cp313-win_amd64.whl", hash = "sha256:eea9bddf06f3f5e1e450fd647665c86df048a45e8b956d53522387c1dff41b7a", size = 166625, upload-time = "2025-06-23T12:57:33.334Z" },
    { url = "https://files.pythonhosted.org/packages/07/e9/501291a2f9b300b2c73dcc6d086df778e895e71573df9575def54d9dbab2/zstd-1.5.7.2-cp313-cp313t-manylinux_2_14_x86_64.whl", hash = "sha256:1d71f9f92b3abe18b06b5f0aefa5b9c42112beef3bff27e36028d147cb4426a6", size = 302906, upload-time = "2025-06-23T13:21:13.331Z" },
    { url = "https://files.pythonhosted.org/packages/d2/f7/9243bb99b8525421a7db741604d29aebe9a849539500f2248d74bf2614be/zstd-1.5.7.2-cp314-cp314-manylinux_2_14_x86_64.whl", hash = "sha256:a6105b8fa21dbc59e05b6113e8e5d5aaf56c5d2886aa5778d61030af3256bbb7", size = 302779, upload-time = "2025-06-23T13:09:22.701Z" },
    { url = "https://files.pythonhosted.org/packages/9b/a5/6ed36bed134d065ff6198707e7411fde7436d7927e325b8ace26f9e21159/zstd-1.5.7.2-cp314-cp314t-manylinux_2_14_x86_64.whl", hash = "sha256:d0b0ca097efb5f67157c61a744c926848dcccf6e913df2f814e719aa78197a4b", size = 302910, upload-time = "2025-06-23T13:15:13.081Z" },
]
